// !$*UTF8*$!
{
	archiveVersion = 1;
	classes = {
	};
	objectVersion = 46;
	objects = {

/* Begin PBXBuildFile section */
		909BC2F9095624DAA413A59E /* libPods-Horoscopes.a in Frameworks */ = {isa = PBXBuildFile; fileRef = C42BBE61572323217476FD56 /* libPods-Horoscopes.a */; };
		F400BA761B3E5A2800C05CFA /* CollectHoroscopesFirstCell.swift in Sources */ = {isa = PBXBuildFile; fileRef = F400BA751B3E5A2800C05CFA /* CollectHoroscopesFirstCell.swift */; };
		F400BA781B3E5A5C00C05CFA /* CollectHoroscopeCell.swift in Sources */ = {isa = PBXBuildFile; fileRef = F400BA771B3E5A5C00C05CFA /* CollectHoroscopeCell.swift */; };
		F4106B7B1B43913F00D58D92 /* NewsfeedCellNode.swift in Sources */ = {isa = PBXBuildFile; fileRef = F4106B7A1B43913F00D58D92 /* NewsfeedCellNode.swift */; };
		F41E80C71B340D8B00C2DA95 /* DailyHoroscopeHeaderCell.swift in Sources */ = {isa = PBXBuildFile; fileRef = F41E80C51B340D8B00C2DA95 /* DailyHoroscopeHeaderCell.swift */; };
		F42E28901B37C8ED00466CAA /* ShareViewController.swift in Sources */ = {isa = PBXBuildFile; fileRef = F42E288F1B37C8ED00466CAA /* ShareViewController.swift */; };
		F42E28921B37CA8F00466CAA /* ShareButton.swift in Sources */ = {isa = PBXBuildFile; fileRef = F42E28911B37CA8F00466CAA /* ShareButton.swift */; };
		F42E28A71B37D14100466CAA /* share_facebook.png in Resources */ = {isa = PBXBuildFile; fileRef = F42E28971B37D14100466CAA /* share_facebook.png */; };
		F42E28A81B37D14100466CAA /* share_facebook@2x.png in Resources */ = {isa = PBXBuildFile; fileRef = F42E28981B37D14100466CAA /* share_facebook@2x.png */; };
		F42E28A91B37D14100466CAA /* share_fbmessage.png in Resources */ = {isa = PBXBuildFile; fileRef = F42E28991B37D14100466CAA /* share_fbmessage.png */; };
		F42E28AA1B37D14100466CAA /* share_fbmessage@2x.png in Resources */ = {isa = PBXBuildFile; fileRef = F42E289A1B37D14100466CAA /* share_fbmessage@2x.png */; };
		F42E28AB1B37D14100466CAA /* share_mail.png in Resources */ = {isa = PBXBuildFile; fileRef = F42E289B1B37D14100466CAA /* share_mail.png */; };
		F42E28AC1B37D14100466CAA /* share_mail@2x.png in Resources */ = {isa = PBXBuildFile; fileRef = F42E289C1B37D14100466CAA /* share_mail@2x.png */; };
		F42E28AD1B37D14100466CAA /* share_message.png in Resources */ = {isa = PBXBuildFile; fileRef = F42E289D1B37D14100466CAA /* share_message.png */; };
		F42E28AE1B37D14100466CAA /* share_message@2x.png in Resources */ = {isa = PBXBuildFile; fileRef = F42E289E1B37D14100466CAA /* share_message@2x.png */; };
		F42E28AF1B37D14100466CAA /* share_twitter.png in Resources */ = {isa = PBXBuildFile; fileRef = F42E289F1B37D14100466CAA /* share_twitter.png */; };
		F42E28B01B37D14100466CAA /* share_twitter@2x.png in Resources */ = {isa = PBXBuildFile; fileRef = F42E28A01B37D14100466CAA /* share_twitter@2x.png */; };
		F42E28B11B37D14100466CAA /* share_viber.png in Resources */ = {isa = PBXBuildFile; fileRef = F42E28A11B37D14100466CAA /* share_viber.png */; };
		F42E28B21B37D14100466CAA /* share_viber@2x.png in Resources */ = {isa = PBXBuildFile; fileRef = F42E28A21B37D14100466CAA /* share_viber@2x.png */; };
		F42E28B31B37D14100466CAA /* share_whatsapp.png in Resources */ = {isa = PBXBuildFile; fileRef = F42E28A31B37D14100466CAA /* share_whatsapp.png */; };
		F42E28B41B37D14100466CAA /* share_whatsapp@2x.png in Resources */ = {isa = PBXBuildFile; fileRef = F42E28A41B37D14100466CAA /* share_whatsapp@2x.png */; };
		F4326A061B3A553E00334B56 /* ShareController.swift in Sources */ = {isa = PBXBuildFile; fileRef = F4326A051B3A553E00334B56 /* ShareController.swift */; };
		F47BAB281B205617002031AB /* HoroscopesManager.swift in Sources */ = {isa = PBXBuildFile; fileRef = F47BAB271B205617002031AB /* HoroscopesManager.swift */; };
		F47BAB2B1B21605C002031AB /* Config.swift in Sources */ = {isa = PBXBuildFile; fileRef = F47BAB2A1B21605C002031AB /* Config.swift */; };
		F47C029D1B258B9B00C0BA83 /* Utilities.swift in Sources */ = {isa = PBXBuildFile; fileRef = F47C029C1B258B9B00C0BA83 /* Utilities.swift */; };
		F47C02A11B2691A700C0BA83 /* CustomTabBarController.swift in Sources */ = {isa = PBXBuildFile; fileRef = F47C029F1B2691A700C0BA83 /* CustomTabBarController.swift */; };
		F47C02A21B2691A700C0BA83 /* SpinWheelVC.swift in Sources */ = {isa = PBXBuildFile; fileRef = F47C02A01B2691A700C0BA83 /* SpinWheelVC.swift */; };
		F47C02A41B2691D200C0BA83 /* LoginVC.swift in Sources */ = {isa = PBXBuildFile; fileRef = F47C02A31B2691D200C0BA83 /* LoginVC.swift */; };
		F49EB5631B41C21E00F56092 /* CollectHoroscopeDetailVC.swift in Sources */ = {isa = PBXBuildFile; fileRef = F49EB55F1B41C21E00F56092 /* CollectHoroscopeDetailVC.swift */; };
		F49EB5641B41C21E00F56092 /* CollectHoroscopesTableVC.swift in Sources */ = {isa = PBXBuildFile; fileRef = F49EB5601B41C21E00F56092 /* CollectHoroscopesTableVC.swift */; };
		F49EB5651B41C21E00F56092 /* CookieViewController.swift in Sources */ = {isa = PBXBuildFile; fileRef = F49EB5611B41C21E00F56092 /* CookieViewController.swift */; };
		F49EB5661B41C21E00F56092 /* DailyTableViewController.swift in Sources */ = {isa = PBXBuildFile; fileRef = F49EB5621B41C21E00F56092 /* DailyTableViewController.swift */; };
		F49FAE431B424A7700F38E0C /* NewsfeedViewController.swift in Sources */ = {isa = PBXBuildFile; fileRef = F49FAE421B424A7700F38E0C /* NewsfeedViewController.swift */; };
		F49FAE471B42899700F38E0C /* UserPost.swift in Sources */ = {isa = PBXBuildFile; fileRef = F49FAE461B42899700F38E0C /* UserPost.swift */; };
		F49FAE491B4290E500F38E0C /* SocialManager.swift in Sources */ = {isa = PBXBuildFile; fileRef = F49FAE481B4290E500F38E0C /* SocialManager.swift */; };
		F49FAE4B1B42E41000F38E0C /* UserProfile.swift in Sources */ = {isa = PBXBuildFile; fileRef = F49FAE4A1B42E41000F38E0C /* UserProfile.swift */; };
		F4CACA181B1EBE16003C6301 /* AppDelegate.swift in Sources */ = {isa = PBXBuildFile; fileRef = F4CACA171B1EBE16003C6301 /* AppDelegate.swift */; };
		F4CACA1D1B1EBE16003C6301 /* Main.storyboard in Resources */ = {isa = PBXBuildFile; fileRef = F4CACA1B1B1EBE16003C6301 /* Main.storyboard */; };
		F4CACA1F1B1EBE16003C6301 /* Images.xcassets in Resources */ = {isa = PBXBuildFile; fileRef = F4CACA1E1B1EBE16003C6301 /* Images.xcassets */; };
		F4CACA221B1EBE16003C6301 /* LaunchScreen.xib in Resources */ = {isa = PBXBuildFile; fileRef = F4CACA201B1EBE16003C6301 /* LaunchScreen.xib */; };
		F4CACA2E1B1EBE16003C6301 /* HoroscopesTests.swift in Sources */ = {isa = PBXBuildFile; fileRef = F4CACA2D1B1EBE16003C6301 /* HoroscopesTests.swift */; };
		F4CACA581B1EEE72003C6301 /* selected_tabbar_daily.png in Resources */ = {isa = PBXBuildFile; fileRef = F4CACA3A1B1EEE72003C6301 /* selected_tabbar_daily.png */; };
		F4CACA591B1EEE72003C6301 /* selected_tabbar_daily@2x.png in Resources */ = {isa = PBXBuildFile; fileRef = F4CACA3B1B1EEE72003C6301 /* selected_tabbar_daily@2x.png */; };
		F4CACA5A1B1EEE72003C6301 /* selected_tabbar_daily@3x.png in Resources */ = {isa = PBXBuildFile; fileRef = F4CACA3C1B1EEE72003C6301 /* selected_tabbar_daily@3x.png */; };
		F4CACA5B1B1EEE72003C6301 /* selected_tabbar_newsfeed.png in Resources */ = {isa = PBXBuildFile; fileRef = F4CACA3D1B1EEE72003C6301 /* selected_tabbar_newsfeed.png */; };
		F4CACA5C1B1EEE72003C6301 /* selected_tabbar_newsfeed@2x.png in Resources */ = {isa = PBXBuildFile; fileRef = F4CACA3E1B1EEE72003C6301 /* selected_tabbar_newsfeed@2x.png */; };
		F4CACA5D1B1EEE72003C6301 /* selected_tabbar_newsfeed@3x.png in Resources */ = {isa = PBXBuildFile; fileRef = F4CACA3F1B1EEE72003C6301 /* selected_tabbar_newsfeed@3x.png */; };
		F4CACA5E1B1EEE72003C6301 /* selected_tabbar_notification.png in Resources */ = {isa = PBXBuildFile; fileRef = F4CACA401B1EEE72003C6301 /* selected_tabbar_notification.png */; };
		F4CACA5F1B1EEE72003C6301 /* selected_tabbar_notification@2x.png in Resources */ = {isa = PBXBuildFile; fileRef = F4CACA411B1EEE72003C6301 /* selected_tabbar_notification@2x.png */; };
		F4CACA601B1EEE72003C6301 /* selected_tabbar_notification@3x.png in Resources */ = {isa = PBXBuildFile; fileRef = F4CACA421B1EEE72003C6301 /* selected_tabbar_notification@3x.png */; };
		F4CACA611B1EEE72003C6301 /* selected_tabbar_post.png in Resources */ = {isa = PBXBuildFile; fileRef = F4CACA431B1EEE72003C6301 /* selected_tabbar_post.png */; };
		F4CACA621B1EEE72003C6301 /* selected_tabbar_post@2x.png in Resources */ = {isa = PBXBuildFile; fileRef = F4CACA441B1EEE72003C6301 /* selected_tabbar_post@2x.png */; };
		F4CACA631B1EEE72003C6301 /* selected_tabbar_post@3x.png in Resources */ = {isa = PBXBuildFile; fileRef = F4CACA451B1EEE72003C6301 /* selected_tabbar_post@3x.png */; };
		F4CACA641B1EEE72003C6301 /* selected_tabbar_profile.png in Resources */ = {isa = PBXBuildFile; fileRef = F4CACA461B1EEE72003C6301 /* selected_tabbar_profile.png */; };
		F4CACA651B1EEE72003C6301 /* selected_tabbar_profile@2x.png in Resources */ = {isa = PBXBuildFile; fileRef = F4CACA471B1EEE72003C6301 /* selected_tabbar_profile@2x.png */; };
		F4CACA661B1EEE72003C6301 /* selected_tabbar_profile@3x.png in Resources */ = {isa = PBXBuildFile; fileRef = F4CACA481B1EEE72003C6301 /* selected_tabbar_profile@3x.png */; };
		F4CACA671B1EEE72003C6301 /* tabbar_daily.png in Resources */ = {isa = PBXBuildFile; fileRef = F4CACA491B1EEE72003C6301 /* tabbar_daily.png */; };
		F4CACA681B1EEE72003C6301 /* tabbar_daily@2x.png in Resources */ = {isa = PBXBuildFile; fileRef = F4CACA4A1B1EEE72003C6301 /* tabbar_daily@2x.png */; };
		F4CACA691B1EEE72003C6301 /* tabbar_daily@3x.png in Resources */ = {isa = PBXBuildFile; fileRef = F4CACA4B1B1EEE72003C6301 /* tabbar_daily@3x.png */; };
		F4CACA6A1B1EEE72003C6301 /* tabbar_newsfeed.png in Resources */ = {isa = PBXBuildFile; fileRef = F4CACA4C1B1EEE72003C6301 /* tabbar_newsfeed.png */; };
		F4CACA6B1B1EEE72003C6301 /* tabbar_newsfeed@2x.png in Resources */ = {isa = PBXBuildFile; fileRef = F4CACA4D1B1EEE72003C6301 /* tabbar_newsfeed@2x.png */; };
		F4CACA6C1B1EEE72003C6301 /* tabbar_newsfeed@3x.png in Resources */ = {isa = PBXBuildFile; fileRef = F4CACA4E1B1EEE72003C6301 /* tabbar_newsfeed@3x.png */; };
		F4CACA6D1B1EEE72003C6301 /* tabbar_notification.png in Resources */ = {isa = PBXBuildFile; fileRef = F4CACA4F1B1EEE72003C6301 /* tabbar_notification.png */; };
		F4CACA6E1B1EEE72003C6301 /* tabbar_notification@2x.png in Resources */ = {isa = PBXBuildFile; fileRef = F4CACA501B1EEE72003C6301 /* tabbar_notification@2x.png */; };
		F4CACA6F1B1EEE72003C6301 /* tabbar_notification@3x.png in Resources */ = {isa = PBXBuildFile; fileRef = F4CACA511B1EEE72003C6301 /* tabbar_notification@3x.png */; };
		F4CACA701B1EEE72003C6301 /* tabbar_post.png in Resources */ = {isa = PBXBuildFile; fileRef = F4CACA521B1EEE72003C6301 /* tabbar_post.png */; };
		F4CACA711B1EEE72003C6301 /* tabbar_post@2x.png in Resources */ = {isa = PBXBuildFile; fileRef = F4CACA531B1EEE72003C6301 /* tabbar_post@2x.png */; };
		F4CACA721B1EEE72003C6301 /* tabbar_post@3x.png in Resources */ = {isa = PBXBuildFile; fileRef = F4CACA541B1EEE72003C6301 /* tabbar_post@3x.png */; };
		F4CACA731B1EEE72003C6301 /* tabbar_profile.png in Resources */ = {isa = PBXBuildFile; fileRef = F4CACA551B1EEE72003C6301 /* tabbar_profile.png */; };
		F4CACA741B1EEE72003C6301 /* tabbar_profile@2x.png in Resources */ = {isa = PBXBuildFile; fileRef = F4CACA561B1EEE72003C6301 /* tabbar_profile@2x.png */; };
		F4CACA751B1EEE72003C6301 /* tabbar_profile@3x.png in Resources */ = {isa = PBXBuildFile; fileRef = F4CACA571B1EEE72003C6301 /* tabbar_profile@3x.png */; };
		F4CACA801B200149003C6301 /* RotateControl.m in Sources */ = {isa = PBXBuildFile; fileRef = F4CACA7C1B200149003C6301 /* RotateControl.m */; };
		F4CACA811B200149003C6301 /* SMCLove.m in Sources */ = {isa = PBXBuildFile; fileRef = F4CACA7E1B200149003C6301 /* SMCLove.m */; };
		F4CACA8F1B2003E1003C6301 /* CollectedHoroscope.m in Sources */ = {isa = PBXBuildFile; fileRef = F4CACA841B2003E1003C6301 /* CollectedHoroscope.m */; };
		F4CACA901B2003E1003C6301 /* CollectedItem.m in Sources */ = {isa = PBXBuildFile; fileRef = F4CACA861B2003E1003C6301 /* CollectedItem.m */; };
		F4CACA911B2003E1003C6301 /* Horoscope.m in Sources */ = {isa = PBXBuildFile; fileRef = F4CACA881B2003E1003C6301 /* Horoscope.m */; };
		F4CACA931B2003E1003C6301 /* MessageInfo.m in Sources */ = {isa = PBXBuildFile; fileRef = F4CACA8C1B2003E1003C6301 /* MessageInfo.m */; };
		F4CACA941B2003E1003C6301 /* UserSettings.m in Sources */ = {isa = PBXBuildFile; fileRef = F4CACA8E1B2003E1003C6301 /* UserSettings.m */; };
		F4CACACF1B2010F2003C6301 /* CrossSellButtonInfo.m in Sources */ = {isa = PBXBuildFile; fileRef = F4CACA9A1B2010F2003C6301 /* CrossSellButtonInfo.m */; };
		F4CACAD01B2010F2003C6301 /* CrossSellMainView.m in Sources */ = {isa = PBXBuildFile; fileRef = F4CACA9D1B2010F2003C6301 /* CrossSellMainView.m */; };
		F4CACAD11B2010F2003C6301 /* CrossSellManager.m in Sources */ = {isa = PBXBuildFile; fileRef = F4CACA9F1B2010F2003C6301 /* CrossSellManager.m */; };
		F4CACAD21B2010F2003C6301 /* CrossSellMessage.m in Sources */ = {isa = PBXBuildFile; fileRef = F4CACAA11B2010F2003C6301 /* CrossSellMessage.m */; };
		F4CACAD31B2010F2003C6301 /* CrossSellMessageDialog.m in Sources */ = {isa = PBXBuildFile; fileRef = F4CACAA31B2010F2003C6301 /* CrossSellMessageDialog.m */; };
		F4CACAD41B2010F2003C6301 /* CrossSellServerMessenging.m in Sources */ = {isa = PBXBuildFile; fileRef = F4CACAA51B2010F2003C6301 /* CrossSellServerMessenging.m */; };
		F4CACAD51B2010F2003C6301 /* EventsTracker.m in Sources */ = {isa = PBXBuildFile; fileRef = F4CACAAA1B2010F2003C6301 /* EventsTracker.m */; };
		F4CACAD61B2010F2003C6301 /* ExternalRequest.m in Sources */ = {isa = PBXBuildFile; fileRef = F4CACAAD1B2010F2003C6301 /* ExternalRequest.m */; };
		F4CACAD71B2010F2003C6301 /* NotificationObject.m in Sources */ = {isa = PBXBuildFile; fileRef = F4CACAB01B2010F2003C6301 /* NotificationObject.m */; };
		F4CACAD81B2010F2003C6301 /* PlatformNotification.m in Sources */ = {isa = PBXBuildFile; fileRef = F4CACAB21B2010F2003C6301 /* PlatformNotification.m */; };
		F4CACAD91B2010F2003C6301 /* ServerCommunication.m in Sources */ = {isa = PBXBuildFile; fileRef = F4CACAB51B2010F2003C6301 /* ServerCommunication.m */; };
		F4CACADA1B2010F2003C6301 /* UserModule.m in Sources */ = {isa = PBXBuildFile; fileRef = F4CACAB91B2010F2003C6301 /* UserModule.m */; };
		F4CACADB1B2010F2003C6301 /* MobilePlatform.m in Sources */ = {isa = PBXBuildFile; fileRef = F4CACABB1B2010F2003C6301 /* MobilePlatform.m */; };
		F4CACADC1B2010F2003C6301 /* Alert.m in Sources */ = {isa = PBXBuildFile; fileRef = F4CACABE1B2010F2003C6301 /* Alert.m */; };
		F4CACADD1B2010F2003C6301 /* Request.m in Sources */ = {isa = PBXBuildFile; fileRef = F4CACAC01B2010F2003C6301 /* Request.m */; };
		F4CACADE1B2010F2003C6301 /* Router.m in Sources */ = {isa = PBXBuildFile; fileRef = F4CACAC21B2010F2003C6301 /* Router.m */; };
		F4CACADF1B2010F2003C6301 /* UserCreds.m in Sources */ = {isa = PBXBuildFile; fileRef = F4CACAC41B2010F2003C6301 /* UserCreds.m */; };
		F4CACAE01B2010F2003C6301 /* RegExCategories.m in Sources */ = {isa = PBXBuildFile; fileRef = F4CACAC81B2010F2003C6301 /* RegExCategories.m */; };
		F4CACAE11B2010F2003C6301 /* OpenUDID.m in Sources */ = {isa = PBXBuildFile; fileRef = F4CACACB1B2010F2003C6301 /* OpenUDID.m */; settings = {COMPILER_FLAGS = "-fno-objc-arc"; }; };
		F4DCC7881B3BA6D500B39280 /* ChooseSignVC.swift in Sources */ = {isa = PBXBuildFile; fileRef = F4DCC7871B3BA6D500B39280 /* ChooseSignVC.swift */; };
		F4EE72251B3D3B0100AFD120 /* DailyHoroscopeCell.swift in Sources */ = {isa = PBXBuildFile; fileRef = F4EE72241B3D3B0100AFD120 /* DailyHoroscopeCell.swift */; };
		F4FBE56C1B4BE70300F6E79A /* NewsfeedTableViewNode.swift in Sources */ = {isa = PBXBuildFile; fileRef = F4FBE56B1B4BE70300F6E79A /* NewsfeedTableViewNode.swift */; };
/* End PBXBuildFile section */

/* Begin PBXContainerItemProxy section */
		F4CACA281B1EBE16003C6301 /* PBXContainerItemProxy */ = {
			isa = PBXContainerItemProxy;
			containerPortal = F4CACA0A1B1EBE16003C6301 /* Project object */;
			proxyType = 1;
			remoteGlobalIDString = F4CACA111B1EBE16003C6301;
			remoteInfo = Horoscopes;
		};
/* End PBXContainerItemProxy section */

/* Begin PBXFileReference section */
		38FE2C9EC2EB65DDAED7FFDE /* Pods-Horoscopes.debug.xcconfig */ = {isa = PBXFileReference; includeInIndex = 1; lastKnownFileType = text.xcconfig; name = "Pods-Horoscopes.debug.xcconfig"; path = "Pods/Target Support Files/Pods-Horoscopes/Pods-Horoscopes.debug.xcconfig"; sourceTree = "<group>"; };
		C42BBE61572323217476FD56 /* libPods-Horoscopes.a */ = {isa = PBXFileReference; explicitFileType = archive.ar; includeInIndex = 0; path = "libPods-Horoscopes.a"; sourceTree = BUILT_PRODUCTS_DIR; };
		D974B7A2517DE65A29486B8D /* Pods-Horoscopes.release.xcconfig */ = {isa = PBXFileReference; includeInIndex = 1; lastKnownFileType = text.xcconfig; name = "Pods-Horoscopes.release.xcconfig"; path = "Pods/Target Support Files/Pods-Horoscopes/Pods-Horoscopes.release.xcconfig"; sourceTree = "<group>"; };
		F400BA751B3E5A2800C05CFA /* CollectHoroscopesFirstCell.swift */ = {isa = PBXFileReference; fileEncoding = 4; lastKnownFileType = sourcecode.swift; path = CollectHoroscopesFirstCell.swift; sourceTree = "<group>"; };
		F400BA771B3E5A5C00C05CFA /* CollectHoroscopeCell.swift */ = {isa = PBXFileReference; fileEncoding = 4; lastKnownFileType = sourcecode.swift; path = CollectHoroscopeCell.swift; sourceTree = "<group>"; };
		F4106B7A1B43913F00D58D92 /* NewsfeedCellNode.swift */ = {isa = PBXFileReference; fileEncoding = 4; lastKnownFileType = sourcecode.swift; path = NewsfeedCellNode.swift; sourceTree = "<group>"; };
		F41E80C51B340D8B00C2DA95 /* DailyHoroscopeHeaderCell.swift */ = {isa = PBXFileReference; fileEncoding = 4; lastKnownFileType = sourcecode.swift; path = DailyHoroscopeHeaderCell.swift; sourceTree = "<group>"; };
		F42E288F1B37C8ED00466CAA /* ShareViewController.swift */ = {isa = PBXFileReference; fileEncoding = 4; lastKnownFileType = sourcecode.swift; path = ShareViewController.swift; sourceTree = "<group>"; };
		F42E28911B37CA8F00466CAA /* ShareButton.swift */ = {isa = PBXFileReference; fileEncoding = 4; lastKnownFileType = sourcecode.swift; path = ShareButton.swift; sourceTree = "<group>"; };
		F42E28971B37D14100466CAA /* share_facebook.png */ = {isa = PBXFileReference; lastKnownFileType = image.png; path = share_facebook.png; sourceTree = "<group>"; };
		F42E28981B37D14100466CAA /* share_facebook@2x.png */ = {isa = PBXFileReference; lastKnownFileType = image.png; path = "share_facebook@2x.png"; sourceTree = "<group>"; };
		F42E28991B37D14100466CAA /* share_fbmessage.png */ = {isa = PBXFileReference; lastKnownFileType = image.png; path = share_fbmessage.png; sourceTree = "<group>"; };
		F42E289A1B37D14100466CAA /* share_fbmessage@2x.png */ = {isa = PBXFileReference; lastKnownFileType = image.png; path = "share_fbmessage@2x.png"; sourceTree = "<group>"; };
		F42E289B1B37D14100466CAA /* share_mail.png */ = {isa = PBXFileReference; lastKnownFileType = image.png; path = share_mail.png; sourceTree = "<group>"; };
		F42E289C1B37D14100466CAA /* share_mail@2x.png */ = {isa = PBXFileReference; lastKnownFileType = image.png; path = "share_mail@2x.png"; sourceTree = "<group>"; };
		F42E289D1B37D14100466CAA /* share_message.png */ = {isa = PBXFileReference; lastKnownFileType = image.png; path = share_message.png; sourceTree = "<group>"; };
		F42E289E1B37D14100466CAA /* share_message@2x.png */ = {isa = PBXFileReference; lastKnownFileType = image.png; path = "share_message@2x.png"; sourceTree = "<group>"; };
		F42E289F1B37D14100466CAA /* share_twitter.png */ = {isa = PBXFileReference; lastKnownFileType = image.png; path = share_twitter.png; sourceTree = "<group>"; };
		F42E28A01B37D14100466CAA /* share_twitter@2x.png */ = {isa = PBXFileReference; lastKnownFileType = image.png; path = "share_twitter@2x.png"; sourceTree = "<group>"; };
		F42E28A11B37D14100466CAA /* share_viber.png */ = {isa = PBXFileReference; lastKnownFileType = image.png; path = share_viber.png; sourceTree = "<group>"; };
		F42E28A21B37D14100466CAA /* share_viber@2x.png */ = {isa = PBXFileReference; lastKnownFileType = image.png; path = "share_viber@2x.png"; sourceTree = "<group>"; };
		F42E28A31B37D14100466CAA /* share_whatsapp.png */ = {isa = PBXFileReference; lastKnownFileType = image.png; path = share_whatsapp.png; sourceTree = "<group>"; };
		F42E28A41B37D14100466CAA /* share_whatsapp@2x.png */ = {isa = PBXFileReference; lastKnownFileType = image.png; path = "share_whatsapp@2x.png"; sourceTree = "<group>"; };
		F4326A051B3A553E00334B56 /* ShareController.swift */ = {isa = PBXFileReference; fileEncoding = 4; lastKnownFileType = sourcecode.swift; path = ShareController.swift; sourceTree = "<group>"; };
		F47BAB261B204969002031AB /* ServerConfig.h */ = {isa = PBXFileReference; lastKnownFileType = sourcecode.c.h; path = ServerConfig.h; sourceTree = "<group>"; };
		F47BAB271B205617002031AB /* HoroscopesManager.swift */ = {isa = PBXFileReference; fileEncoding = 4; lastKnownFileType = sourcecode.swift; path = HoroscopesManager.swift; sourceTree = "<group>"; };
		F47BAB2A1B21605C002031AB /* Config.swift */ = {isa = PBXFileReference; fileEncoding = 4; lastKnownFileType = sourcecode.swift; path = Config.swift; sourceTree = "<group>"; };
		F47BAB2C1B218817002031AB /* CoreTelephony.framework */ = {isa = PBXFileReference; lastKnownFileType = wrapper.framework; name = CoreTelephony.framework; path = System/Library/Frameworks/CoreTelephony.framework; sourceTree = SDKROOT; };
		F47C029C1B258B9B00C0BA83 /* Utilities.swift */ = {isa = PBXFileReference; fileEncoding = 4; lastKnownFileType = sourcecode.swift; path = Utilities.swift; sourceTree = "<group>"; };
		F47C029F1B2691A700C0BA83 /* CustomTabBarController.swift */ = {isa = PBXFileReference; fileEncoding = 4; lastKnownFileType = sourcecode.swift; path = CustomTabBarController.swift; sourceTree = "<group>"; };
		F47C02A01B2691A700C0BA83 /* SpinWheelVC.swift */ = {isa = PBXFileReference; fileEncoding = 4; lastKnownFileType = sourcecode.swift; path = SpinWheelVC.swift; sourceTree = "<group>"; };
		F47C02A31B2691D200C0BA83 /* LoginVC.swift */ = {isa = PBXFileReference; fileEncoding = 4; lastKnownFileType = sourcecode.swift; path = LoginVC.swift; sourceTree = "<group>"; };
		F49EB55F1B41C21E00F56092 /* CollectHoroscopeDetailVC.swift */ = {isa = PBXFileReference; fileEncoding = 4; lastKnownFileType = sourcecode.swift; path = CollectHoroscopeDetailVC.swift; sourceTree = "<group>"; };
		F49EB5601B41C21E00F56092 /* CollectHoroscopesTableVC.swift */ = {isa = PBXFileReference; fileEncoding = 4; lastKnownFileType = sourcecode.swift; path = CollectHoroscopesTableVC.swift; sourceTree = "<group>"; };
		F49EB5611B41C21E00F56092 /* CookieViewController.swift */ = {isa = PBXFileReference; fileEncoding = 4; lastKnownFileType = sourcecode.swift; path = CookieViewController.swift; sourceTree = "<group>"; };
		F49EB5621B41C21E00F56092 /* DailyTableViewController.swift */ = {isa = PBXFileReference; fileEncoding = 4; lastKnownFileType = sourcecode.swift; path = DailyTableViewController.swift; sourceTree = "<group>"; };
		F49FAE421B424A7700F38E0C /* NewsfeedViewController.swift */ = {isa = PBXFileReference; fileEncoding = 4; lastKnownFileType = sourcecode.swift; path = NewsfeedViewController.swift; sourceTree = "<group>"; };
		F49FAE461B42899700F38E0C /* UserPost.swift */ = {isa = PBXFileReference; fileEncoding = 4; lastKnownFileType = sourcecode.swift; path = UserPost.swift; sourceTree = "<group>"; };
		F49FAE481B4290E500F38E0C /* SocialManager.swift */ = {isa = PBXFileReference; fileEncoding = 4; lastKnownFileType = sourcecode.swift; path = SocialManager.swift; sourceTree = "<group>"; };
		F49FAE4A1B42E41000F38E0C /* UserProfile.swift */ = {isa = PBXFileReference; fileEncoding = 4; lastKnownFileType = sourcecode.swift; path = UserProfile.swift; sourceTree = "<group>"; };
		F4CACA121B1EBE16003C6301 /* Horoscopes.app */ = {isa = PBXFileReference; explicitFileType = wrapper.application; includeInIndex = 0; path = Horoscopes.app; sourceTree = BUILT_PRODUCTS_DIR; };
		F4CACA161B1EBE16003C6301 /* Info.plist */ = {isa = PBXFileReference; lastKnownFileType = text.plist.xml; path = Info.plist; sourceTree = "<group>"; };
		F4CACA171B1EBE16003C6301 /* AppDelegate.swift */ = {isa = PBXFileReference; lastKnownFileType = sourcecode.swift; path = AppDelegate.swift; sourceTree = "<group>"; };
		F4CACA1C1B1EBE16003C6301 /* Base */ = {isa = PBXFileReference; lastKnownFileType = file.storyboard; name = Base; path = Base.lproj/Main.storyboard; sourceTree = "<group>"; };
		F4CACA1E1B1EBE16003C6301 /* Images.xcassets */ = {isa = PBXFileReference; lastKnownFileType = folder.assetcatalog; path = Images.xcassets; sourceTree = "<group>"; };
		F4CACA211B1EBE16003C6301 /* Base */ = {isa = PBXFileReference; lastKnownFileType = file.xib; name = Base; path = Base.lproj/LaunchScreen.xib; sourceTree = "<group>"; };
		F4CACA271B1EBE16003C6301 /* HoroscopesTests.xctest */ = {isa = PBXFileReference; explicitFileType = wrapper.cfbundle; includeInIndex = 0; path = HoroscopesTests.xctest; sourceTree = BUILT_PRODUCTS_DIR; };
		F4CACA2C1B1EBE16003C6301 /* Info.plist */ = {isa = PBXFileReference; lastKnownFileType = text.plist.xml; path = Info.plist; sourceTree = "<group>"; };
		F4CACA2D1B1EBE16003C6301 /* HoroscopesTests.swift */ = {isa = PBXFileReference; lastKnownFileType = sourcecode.swift; path = HoroscopesTests.swift; sourceTree = "<group>"; };
		F4CACA3A1B1EEE72003C6301 /* selected_tabbar_daily.png */ = {isa = PBXFileReference; lastKnownFileType = image.png; path = selected_tabbar_daily.png; sourceTree = "<group>"; };
		F4CACA3B1B1EEE72003C6301 /* selected_tabbar_daily@2x.png */ = {isa = PBXFileReference; lastKnownFileType = image.png; path = "selected_tabbar_daily@2x.png"; sourceTree = "<group>"; };
		F4CACA3C1B1EEE72003C6301 /* selected_tabbar_daily@3x.png */ = {isa = PBXFileReference; lastKnownFileType = image.png; path = "selected_tabbar_daily@3x.png"; sourceTree = "<group>"; };
		F4CACA3D1B1EEE72003C6301 /* selected_tabbar_newsfeed.png */ = {isa = PBXFileReference; lastKnownFileType = image.png; path = selected_tabbar_newsfeed.png; sourceTree = "<group>"; };
		F4CACA3E1B1EEE72003C6301 /* selected_tabbar_newsfeed@2x.png */ = {isa = PBXFileReference; lastKnownFileType = image.png; path = "selected_tabbar_newsfeed@2x.png"; sourceTree = "<group>"; };
		F4CACA3F1B1EEE72003C6301 /* selected_tabbar_newsfeed@3x.png */ = {isa = PBXFileReference; lastKnownFileType = image.png; path = "selected_tabbar_newsfeed@3x.png"; sourceTree = "<group>"; };
		F4CACA401B1EEE72003C6301 /* selected_tabbar_notification.png */ = {isa = PBXFileReference; lastKnownFileType = image.png; path = selected_tabbar_notification.png; sourceTree = "<group>"; };
		F4CACA411B1EEE72003C6301 /* selected_tabbar_notification@2x.png */ = {isa = PBXFileReference; lastKnownFileType = image.png; path = "selected_tabbar_notification@2x.png"; sourceTree = "<group>"; };
		F4CACA421B1EEE72003C6301 /* selected_tabbar_notification@3x.png */ = {isa = PBXFileReference; lastKnownFileType = image.png; path = "selected_tabbar_notification@3x.png"; sourceTree = "<group>"; };
		F4CACA431B1EEE72003C6301 /* selected_tabbar_post.png */ = {isa = PBXFileReference; lastKnownFileType = image.png; path = selected_tabbar_post.png; sourceTree = "<group>"; };
		F4CACA441B1EEE72003C6301 /* selected_tabbar_post@2x.png */ = {isa = PBXFileReference; lastKnownFileType = image.png; path = "selected_tabbar_post@2x.png"; sourceTree = "<group>"; };
		F4CACA451B1EEE72003C6301 /* selected_tabbar_post@3x.png */ = {isa = PBXFileReference; lastKnownFileType = image.png; path = "selected_tabbar_post@3x.png"; sourceTree = "<group>"; };
		F4CACA461B1EEE72003C6301 /* selected_tabbar_profile.png */ = {isa = PBXFileReference; lastKnownFileType = image.png; path = selected_tabbar_profile.png; sourceTree = "<group>"; };
		F4CACA471B1EEE72003C6301 /* selected_tabbar_profile@2x.png */ = {isa = PBXFileReference; lastKnownFileType = image.png; path = "selected_tabbar_profile@2x.png"; sourceTree = "<group>"; };
		F4CACA481B1EEE72003C6301 /* selected_tabbar_profile@3x.png */ = {isa = PBXFileReference; lastKnownFileType = image.png; path = "selected_tabbar_profile@3x.png"; sourceTree = "<group>"; };
		F4CACA491B1EEE72003C6301 /* tabbar_daily.png */ = {isa = PBXFileReference; lastKnownFileType = image.png; path = tabbar_daily.png; sourceTree = "<group>"; };
		F4CACA4A1B1EEE72003C6301 /* tabbar_daily@2x.png */ = {isa = PBXFileReference; lastKnownFileType = image.png; path = "tabbar_daily@2x.png"; sourceTree = "<group>"; };
		F4CACA4B1B1EEE72003C6301 /* tabbar_daily@3x.png */ = {isa = PBXFileReference; lastKnownFileType = image.png; path = "tabbar_daily@3x.png"; sourceTree = "<group>"; };
		F4CACA4C1B1EEE72003C6301 /* tabbar_newsfeed.png */ = {isa = PBXFileReference; lastKnownFileType = image.png; path = tabbar_newsfeed.png; sourceTree = "<group>"; };
		F4CACA4D1B1EEE72003C6301 /* tabbar_newsfeed@2x.png */ = {isa = PBXFileReference; lastKnownFileType = image.png; path = "tabbar_newsfeed@2x.png"; sourceTree = "<group>"; };
		F4CACA4E1B1EEE72003C6301 /* tabbar_newsfeed@3x.png */ = {isa = PBXFileReference; lastKnownFileType = image.png; path = "tabbar_newsfeed@3x.png"; sourceTree = "<group>"; };
		F4CACA4F1B1EEE72003C6301 /* tabbar_notification.png */ = {isa = PBXFileReference; lastKnownFileType = image.png; path = tabbar_notification.png; sourceTree = "<group>"; };
		F4CACA501B1EEE72003C6301 /* tabbar_notification@2x.png */ = {isa = PBXFileReference; lastKnownFileType = image.png; path = "tabbar_notification@2x.png"; sourceTree = "<group>"; };
		F4CACA511B1EEE72003C6301 /* tabbar_notification@3x.png */ = {isa = PBXFileReference; lastKnownFileType = image.png; path = "tabbar_notification@3x.png"; sourceTree = "<group>"; };
		F4CACA521B1EEE72003C6301 /* tabbar_post.png */ = {isa = PBXFileReference; lastKnownFileType = image.png; path = tabbar_post.png; sourceTree = "<group>"; };
		F4CACA531B1EEE72003C6301 /* tabbar_post@2x.png */ = {isa = PBXFileReference; lastKnownFileType = image.png; path = "tabbar_post@2x.png"; sourceTree = "<group>"; };
		F4CACA541B1EEE72003C6301 /* tabbar_post@3x.png */ = {isa = PBXFileReference; lastKnownFileType = image.png; path = "tabbar_post@3x.png"; sourceTree = "<group>"; };
		F4CACA551B1EEE72003C6301 /* tabbar_profile.png */ = {isa = PBXFileReference; lastKnownFileType = image.png; path = tabbar_profile.png; sourceTree = "<group>"; };
		F4CACA561B1EEE72003C6301 /* tabbar_profile@2x.png */ = {isa = PBXFileReference; lastKnownFileType = image.png; path = "tabbar_profile@2x.png"; sourceTree = "<group>"; };
		F4CACA571B1EEE72003C6301 /* tabbar_profile@3x.png */ = {isa = PBXFileReference; lastKnownFileType = image.png; path = "tabbar_profile@3x.png"; sourceTree = "<group>"; };
		F4CACA7B1B200149003C6301 /* RotateControl.h */ = {isa = PBXFileReference; fileEncoding = 4; lastKnownFileType = sourcecode.c.h; path = RotateControl.h; sourceTree = "<group>"; };
		F4CACA7C1B200149003C6301 /* RotateControl.m */ = {isa = PBXFileReference; fileEncoding = 4; lastKnownFileType = sourcecode.c.objc; path = RotateControl.m; sourceTree = "<group>"; };
		F4CACA7D1B200149003C6301 /* SMCLove.h */ = {isa = PBXFileReference; fileEncoding = 4; lastKnownFileType = sourcecode.c.h; path = SMCLove.h; sourceTree = "<group>"; };
		F4CACA7E1B200149003C6301 /* SMCLove.m */ = {isa = PBXFileReference; fileEncoding = 4; lastKnownFileType = sourcecode.c.objc; path = SMCLove.m; sourceTree = "<group>"; };
		F4CACA7F1B200149003C6301 /* SMRotaryProtocol.h */ = {isa = PBXFileReference; fileEncoding = 4; lastKnownFileType = sourcecode.c.h; path = SMRotaryProtocol.h; sourceTree = "<group>"; };
		F4CACA831B2003E1003C6301 /* CollectedHoroscope.h */ = {isa = PBXFileReference; fileEncoding = 4; lastKnownFileType = sourcecode.c.h; path = CollectedHoroscope.h; sourceTree = "<group>"; };
		F4CACA841B2003E1003C6301 /* CollectedHoroscope.m */ = {isa = PBXFileReference; fileEncoding = 4; lastKnownFileType = sourcecode.c.objc; path = CollectedHoroscope.m; sourceTree = "<group>"; };
		F4CACA851B2003E1003C6301 /* CollectedItem.h */ = {isa = PBXFileReference; fileEncoding = 4; lastKnownFileType = sourcecode.c.h; path = CollectedItem.h; sourceTree = "<group>"; };
		F4CACA861B2003E1003C6301 /* CollectedItem.m */ = {isa = PBXFileReference; fileEncoding = 4; lastKnownFileType = sourcecode.c.objc; path = CollectedItem.m; sourceTree = "<group>"; };
		F4CACA871B2003E1003C6301 /* Horoscope.h */ = {isa = PBXFileReference; fileEncoding = 4; lastKnownFileType = sourcecode.c.h; path = Horoscope.h; sourceTree = "<group>"; };
		F4CACA881B2003E1003C6301 /* Horoscope.m */ = {isa = PBXFileReference; fileEncoding = 4; lastKnownFileType = sourcecode.c.objc; path = Horoscope.m; sourceTree = "<group>"; };
		F4CACA8B1B2003E1003C6301 /* MessageInfo.h */ = {isa = PBXFileReference; fileEncoding = 4; lastKnownFileType = sourcecode.c.h; path = MessageInfo.h; sourceTree = "<group>"; };
		F4CACA8C1B2003E1003C6301 /* MessageInfo.m */ = {isa = PBXFileReference; fileEncoding = 4; lastKnownFileType = sourcecode.c.objc; path = MessageInfo.m; sourceTree = "<group>"; };
		F4CACA8D1B2003E1003C6301 /* UserSettings.h */ = {isa = PBXFileReference; fileEncoding = 4; lastKnownFileType = sourcecode.c.h; path = UserSettings.h; sourceTree = "<group>"; };
		F4CACA8E1B2003E1003C6301 /* UserSettings.m */ = {isa = PBXFileReference; fileEncoding = 4; lastKnownFileType = sourcecode.c.objc; path = UserSettings.m; sourceTree = "<group>"; };
		F4CACA951B20083A003C6301 /* Horoscopes-Bridging-Header.h */ = {isa = PBXFileReference; fileEncoding = 4; lastKnownFileType = sourcecode.c.h; path = "Horoscopes-Bridging-Header.h"; sourceTree = "<group>"; };
		F4CACA991B2010F2003C6301 /* CrossSellButtonInfo.h */ = {isa = PBXFileReference; fileEncoding = 4; lastKnownFileType = sourcecode.c.h; path = CrossSellButtonInfo.h; sourceTree = "<group>"; };
		F4CACA9A1B2010F2003C6301 /* CrossSellButtonInfo.m */ = {isa = PBXFileReference; fileEncoding = 4; lastKnownFileType = sourcecode.c.objc; path = CrossSellButtonInfo.m; sourceTree = "<group>"; };
		F4CACA9B1B2010F2003C6301 /* CrossSellConfig.h */ = {isa = PBXFileReference; fileEncoding = 4; lastKnownFileType = sourcecode.c.h; path = CrossSellConfig.h; sourceTree = "<group>"; };
		F4CACA9C1B2010F2003C6301 /* CrossSellMainView.h */ = {isa = PBXFileReference; fileEncoding = 4; lastKnownFileType = sourcecode.c.h; path = CrossSellMainView.h; sourceTree = "<group>"; };
		F4CACA9D1B2010F2003C6301 /* CrossSellMainView.m */ = {isa = PBXFileReference; fileEncoding = 4; lastKnownFileType = sourcecode.c.objc; path = CrossSellMainView.m; sourceTree = "<group>"; };
		F4CACA9E1B2010F2003C6301 /* CrossSellManager.h */ = {isa = PBXFileReference; fileEncoding = 4; lastKnownFileType = sourcecode.c.h; path = CrossSellManager.h; sourceTree = "<group>"; };
		F4CACA9F1B2010F2003C6301 /* CrossSellManager.m */ = {isa = PBXFileReference; fileEncoding = 4; lastKnownFileType = sourcecode.c.objc; path = CrossSellManager.m; sourceTree = "<group>"; };
		F4CACAA01B2010F2003C6301 /* CrossSellMessage.h */ = {isa = PBXFileReference; fileEncoding = 4; lastKnownFileType = sourcecode.c.h; path = CrossSellMessage.h; sourceTree = "<group>"; };
		F4CACAA11B2010F2003C6301 /* CrossSellMessage.m */ = {isa = PBXFileReference; fileEncoding = 4; lastKnownFileType = sourcecode.c.objc; path = CrossSellMessage.m; sourceTree = "<group>"; };
		F4CACAA21B2010F2003C6301 /* CrossSellMessageDialog.h */ = {isa = PBXFileReference; fileEncoding = 4; lastKnownFileType = sourcecode.c.h; path = CrossSellMessageDialog.h; sourceTree = "<group>"; };
		F4CACAA31B2010F2003C6301 /* CrossSellMessageDialog.m */ = {isa = PBXFileReference; fileEncoding = 4; lastKnownFileType = sourcecode.c.objc; path = CrossSellMessageDialog.m; sourceTree = "<group>"; };
		F4CACAA41B2010F2003C6301 /* CrossSellServerMessenging.h */ = {isa = PBXFileReference; fileEncoding = 4; lastKnownFileType = sourcecode.c.h; path = CrossSellServerMessenging.h; sourceTree = "<group>"; };
		F4CACAA51B2010F2003C6301 /* CrossSellServerMessenging.m */ = {isa = PBXFileReference; fileEncoding = 4; lastKnownFileType = sourcecode.c.objc; path = CrossSellServerMessenging.m; sourceTree = "<group>"; };
		F4CACAA71B2010F2003C6301 /* PrefixHeader.pch */ = {isa = PBXFileReference; fileEncoding = 4; lastKnownFileType = sourcecode.c.h; path = PrefixHeader.pch; sourceTree = "<group>"; };
		F4CACAA91B2010F2003C6301 /* EventsTracker.h */ = {isa = PBXFileReference; fileEncoding = 4; lastKnownFileType = sourcecode.c.h; path = EventsTracker.h; sourceTree = "<group>"; };
		F4CACAAA1B2010F2003C6301 /* EventsTracker.m */ = {isa = PBXFileReference; fileEncoding = 4; lastKnownFileType = sourcecode.c.objc; path = EventsTracker.m; sourceTree = "<group>"; };
		F4CACAAC1B2010F2003C6301 /* ExternalRequest.h */ = {isa = PBXFileReference; fileEncoding = 4; lastKnownFileType = sourcecode.c.h; path = ExternalRequest.h; sourceTree = "<group>"; };
		F4CACAAD1B2010F2003C6301 /* ExternalRequest.m */ = {isa = PBXFileReference; fileEncoding = 4; lastKnownFileType = sourcecode.c.objc; path = ExternalRequest.m; sourceTree = "<group>"; };
		F4CACAAF1B2010F2003C6301 /* NotificationObject.h */ = {isa = PBXFileReference; fileEncoding = 4; lastKnownFileType = sourcecode.c.h; path = NotificationObject.h; sourceTree = "<group>"; };
		F4CACAB01B2010F2003C6301 /* NotificationObject.m */ = {isa = PBXFileReference; fileEncoding = 4; lastKnownFileType = sourcecode.c.objc; path = NotificationObject.m; sourceTree = "<group>"; };
		F4CACAB11B2010F2003C6301 /* PlatformNotification.h */ = {isa = PBXFileReference; fileEncoding = 4; lastKnownFileType = sourcecode.c.h; path = PlatformNotification.h; sourceTree = "<group>"; };
		F4CACAB21B2010F2003C6301 /* PlatformNotification.m */ = {isa = PBXFileReference; fileEncoding = 4; lastKnownFileType = sourcecode.c.objc; path = PlatformNotification.m; sourceTree = "<group>"; };
		F4CACAB41B2010F2003C6301 /* ServerCommunication.h */ = {isa = PBXFileReference; fileEncoding = 4; lastKnownFileType = sourcecode.c.h; path = ServerCommunication.h; sourceTree = "<group>"; };
		F4CACAB51B2010F2003C6301 /* ServerCommunication.m */ = {isa = PBXFileReference; fileEncoding = 4; lastKnownFileType = sourcecode.c.objc; path = ServerCommunication.m; sourceTree = "<group>"; };
		F4CACAB61B2010F2003C6301 /* ServerCommunicationConfig.h */ = {isa = PBXFileReference; fileEncoding = 4; lastKnownFileType = sourcecode.c.h; path = ServerCommunicationConfig.h; sourceTree = "<group>"; };
		F4CACAB81B2010F2003C6301 /* UserModule.h */ = {isa = PBXFileReference; fileEncoding = 4; lastKnownFileType = sourcecode.c.h; path = UserModule.h; sourceTree = "<group>"; };
		F4CACAB91B2010F2003C6301 /* UserModule.m */ = {isa = PBXFileReference; fileEncoding = 4; lastKnownFileType = sourcecode.c.objc; path = UserModule.m; sourceTree = "<group>"; };
		F4CACABA1B2010F2003C6301 /* MobilePlatform.h */ = {isa = PBXFileReference; fileEncoding = 4; lastKnownFileType = sourcecode.c.h; path = MobilePlatform.h; sourceTree = "<group>"; };
		F4CACABB1B2010F2003C6301 /* MobilePlatform.m */ = {isa = PBXFileReference; fileEncoding = 4; lastKnownFileType = sourcecode.c.objc; path = MobilePlatform.m; sourceTree = "<group>"; };
		F4CACABD1B2010F2003C6301 /* Alert.h */ = {isa = PBXFileReference; fileEncoding = 4; lastKnownFileType = sourcecode.c.h; path = Alert.h; sourceTree = "<group>"; };
		F4CACABE1B2010F2003C6301 /* Alert.m */ = {isa = PBXFileReference; fileEncoding = 4; lastKnownFileType = sourcecode.c.objc; path = Alert.m; sourceTree = "<group>"; };
		F4CACABF1B2010F2003C6301 /* Request.h */ = {isa = PBXFileReference; fileEncoding = 4; lastKnownFileType = sourcecode.c.h; path = Request.h; sourceTree = "<group>"; };
		F4CACAC01B2010F2003C6301 /* Request.m */ = {isa = PBXFileReference; fileEncoding = 4; lastKnownFileType = sourcecode.c.objc; path = Request.m; sourceTree = "<group>"; };
		F4CACAC11B2010F2003C6301 /* Router.h */ = {isa = PBXFileReference; fileEncoding = 4; lastKnownFileType = sourcecode.c.h; path = Router.h; sourceTree = "<group>"; };
		F4CACAC21B2010F2003C6301 /* Router.m */ = {isa = PBXFileReference; fileEncoding = 4; lastKnownFileType = sourcecode.c.objc; path = Router.m; sourceTree = "<group>"; };
		F4CACAC31B2010F2003C6301 /* UserCreds.h */ = {isa = PBXFileReference; fileEncoding = 4; lastKnownFileType = sourcecode.c.h; path = UserCreds.h; sourceTree = "<group>"; };
		F4CACAC41B2010F2003C6301 /* UserCreds.m */ = {isa = PBXFileReference; fileEncoding = 4; lastKnownFileType = sourcecode.c.objc; path = UserCreds.m; sourceTree = "<group>"; };
		F4CACAC71B2010F2003C6301 /* RegExCategories.h */ = {isa = PBXFileReference; fileEncoding = 4; lastKnownFileType = sourcecode.c.h; path = RegExCategories.h; sourceTree = "<group>"; };
		F4CACAC81B2010F2003C6301 /* RegExCategories.m */ = {isa = PBXFileReference; fileEncoding = 4; lastKnownFileType = sourcecode.c.objc; path = RegExCategories.m; sourceTree = "<group>"; };
		F4CACACA1B2010F2003C6301 /* OpenUDID.h */ = {isa = PBXFileReference; fileEncoding = 4; lastKnownFileType = sourcecode.c.h; path = OpenUDID.h; sourceTree = "<group>"; };
		F4CACACB1B2010F2003C6301 /* OpenUDID.m */ = {isa = PBXFileReference; fileEncoding = 4; lastKnownFileType = sourcecode.c.objc; path = OpenUDID.m; sourceTree = "<group>"; };
		F4DCC7871B3BA6D500B39280 /* ChooseSignVC.swift */ = {isa = PBXFileReference; fileEncoding = 4; lastKnownFileType = sourcecode.swift; path = ChooseSignVC.swift; sourceTree = "<group>"; };
		F4EE72241B3D3B0100AFD120 /* DailyHoroscopeCell.swift */ = {isa = PBXFileReference; fileEncoding = 4; lastKnownFileType = sourcecode.swift; path = DailyHoroscopeCell.swift; sourceTree = "<group>"; };
		F4F877971B20447600C828C2 /* Horoscope-Prefix.pch */ = {isa = PBXFileReference; lastKnownFileType = sourcecode.c.h; path = "Horoscope-Prefix.pch"; sourceTree = "<group>"; };
		F4FBE56B1B4BE70300F6E79A /* NewsfeedTableViewNode.swift */ = {isa = PBXFileReference; fileEncoding = 4; lastKnownFileType = sourcecode.swift; path = NewsfeedTableViewNode.swift; sourceTree = "<group>"; };
/* End PBXFileReference section */

/* Begin PBXFrameworksBuildPhase section */
		F4CACA0F1B1EBE16003C6301 /* Frameworks */ = {
			isa = PBXFrameworksBuildPhase;
			buildActionMask = 2147483647;
			files = (
				909BC2F9095624DAA413A59E /* libPods-Horoscopes.a in Frameworks */,
			);
			runOnlyForDeploymentPostprocessing = 0;
		};
		F4CACA241B1EBE16003C6301 /* Frameworks */ = {
			isa = PBXFrameworksBuildPhase;
			buildActionMask = 2147483647;
			files = (
			);
			runOnlyForDeploymentPostprocessing = 0;
		};
/* End PBXFrameworksBuildPhase section */

/* Begin PBXGroup section */
		9F7B59D55821D70466BE0668 /* Frameworks */ = {
			isa = PBXGroup;
			children = (
				F47BAB2C1B218817002031AB /* CoreTelephony.framework */,
				C42BBE61572323217476FD56 /* libPods-Horoscopes.a */,
			);
			name = Frameworks;
			sourceTree = "<group>";
		};
		DE01A043101911957E0EAC06 /* Pods */ = {
			isa = PBXGroup;
			children = (
				38FE2C9EC2EB65DDAED7FFDE /* Pods-Horoscopes.debug.xcconfig */,
				D974B7A2517DE65A29486B8D /* Pods-Horoscopes.release.xcconfig */,
			);
			name = Pods;
			sourceTree = "<group>";
		};
		F41E80C31B340D8B00C2DA95 /* TableViewCell */ = {
			isa = PBXGroup;
			children = (
				F4EE72241B3D3B0100AFD120 /* DailyHoroscopeCell.swift */,
				F41E80C51B340D8B00C2DA95 /* DailyHoroscopeHeaderCell.swift */,
				F400BA751B3E5A2800C05CFA /* CollectHoroscopesFirstCell.swift */,
				F400BA771B3E5A5C00C05CFA /* CollectHoroscopeCell.swift */,
				F4106B7A1B43913F00D58D92 /* NewsfeedCellNode.swift */,
			);
			path = TableViewCell;
			sourceTree = "<group>";
		};
		F41E80C81B340DAE00C2DA95 /* CustomViews */ = {
			isa = PBXGroup;
			children = (
			);
			path = CustomViews;
			sourceTree = "<group>";
		};
		F42E288E1B37C8ED00466CAA /* Share */ = {
			isa = PBXGroup;
			children = (
				F42E288F1B37C8ED00466CAA /* ShareViewController.swift */,
				F42E28911B37CA8F00466CAA /* ShareButton.swift */,
				F4326A051B3A553E00334B56 /* ShareController.swift */,
			);
			path = Share;
			sourceTree = "<group>";
		};
		F42E28931B37D14100466CAA /* Images */ = {
			isa = PBXGroup;
			children = (
				F42E28941B37D14100466CAA /* share */,
			);
			path = Images;
			sourceTree = "<group>";
		};
		F42E28941B37D14100466CAA /* share */ = {
			isa = PBXGroup;
			children = (
				F42E28971B37D14100466CAA /* share_facebook.png */,
				F42E28981B37D14100466CAA /* share_facebook@2x.png */,
				F42E28991B37D14100466CAA /* share_fbmessage.png */,
				F42E289A1B37D14100466CAA /* share_fbmessage@2x.png */,
				F42E289B1B37D14100466CAA /* share_mail.png */,
				F42E289C1B37D14100466CAA /* share_mail@2x.png */,
				F42E289D1B37D14100466CAA /* share_message.png */,
				F42E289E1B37D14100466CAA /* share_message@2x.png */,
				F42E289F1B37D14100466CAA /* share_twitter.png */,
				F42E28A01B37D14100466CAA /* share_twitter@2x.png */,
				F42E28A11B37D14100466CAA /* share_viber.png */,
				F42E28A21B37D14100466CAA /* share_viber@2x.png */,
				F42E28A31B37D14100466CAA /* share_whatsapp.png */,
				F42E28A41B37D14100466CAA /* share_whatsapp@2x.png */,
			);
			path = share;
			sourceTree = "<group>";
		};
		F47BAB291B216050002031AB /* Utilities */ = {
			isa = PBXGroup;
			children = (
				F47BAB2A1B21605C002031AB /* Config.swift */,
				F47C029C1B258B9B00C0BA83 /* Utilities.swift */,
			);
			path = Utilities;
			sourceTree = "<group>";
		};
		F47C029E1B2691A700C0BA83 /* ViewController */ = {
			isa = PBXGroup;
			children = (
				F49EB55E1B41C21E00F56092 /* Daily */,
				F42E288E1B37C8ED00466CAA /* Share */,
				F49FAE411B42499500F38E0C /* Newsfeed */,
				F47C02A01B2691A700C0BA83 /* SpinWheelVC.swift */,
				F47C02A31B2691D200C0BA83 /* LoginVC.swift */,
				F47C029F1B2691A700C0BA83 /* CustomTabBarController.swift */,
				F4DCC7871B3BA6D500B39280 /* ChooseSignVC.swift */,
			);
			path = ViewController;
			sourceTree = "<group>";
		};
		F49EB55E1B41C21E00F56092 /* Daily */ = {
			isa = PBXGroup;
			children = (
				F49EB55F1B41C21E00F56092 /* CollectHoroscopeDetailVC.swift */,
				F49EB5601B41C21E00F56092 /* CollectHoroscopesTableVC.swift */,
				F49EB5611B41C21E00F56092 /* CookieViewController.swift */,
				F49EB5621B41C21E00F56092 /* DailyTableViewController.swift */,
			);
			path = Daily;
			sourceTree = "<group>";
		};
		F49FAE411B42499500F38E0C /* Newsfeed */ = {
			isa = PBXGroup;
			children = (
				F49FAE421B424A7700F38E0C /* NewsfeedViewController.swift */,
				F4FBE56B1B4BE70300F6E79A /* NewsfeedTableViewNode.swift */,
			);
			path = Newsfeed;
			sourceTree = "<group>";
		};
		F4CACA091B1EBE16003C6301 = {
			isa = PBXGroup;
			children = (
				F4CACA141B1EBE16003C6301 /* Horoscopes */,
				F4CACA2A1B1EBE16003C6301 /* HoroscopesTests */,
				F4CACA131B1EBE16003C6301 /* Products */,
				DE01A043101911957E0EAC06 /* Pods */,
				9F7B59D55821D70466BE0668 /* Frameworks */,
			);
			sourceTree = "<group>";
		};
		F4CACA131B1EBE16003C6301 /* Products */ = {
			isa = PBXGroup;
			children = (
				F4CACA121B1EBE16003C6301 /* Horoscopes.app */,
				F4CACA271B1EBE16003C6301 /* HoroscopesTests.xctest */,
			);
			name = Products;
			sourceTree = "<group>";
		};
		F4CACA141B1EBE16003C6301 /* Horoscopes */ = {
			isa = PBXGroup;
			children = (
				F47BAB291B216050002031AB /* Utilities */,
				F4CACA961B2010F2003C6301 /* MobilePlatformiOS */,
				F4CACA821B2003E1003C6301 /* models */,
				F4CACA391B1EEE72003C6301 /* Resources */,
				F4CACA7A1B200149003C6301 /* RotateControl */,
				F41E80C31B340D8B00C2DA95 /* TableViewCell */,
				F41E80C81B340DAE00C2DA95 /* CustomViews */,
				F47C029E1B2691A700C0BA83 /* ViewController */,
				F47BAB271B205617002031AB /* HoroscopesManager.swift */,
				F49FAE481B4290E500F38E0C /* SocialManager.swift */,
				F4CACA171B1EBE16003C6301 /* AppDelegate.swift */,
				F4CACA1B1B1EBE16003C6301 /* Main.storyboard */,
				F42E28931B37D14100466CAA /* Images */,
				F4CACA1E1B1EBE16003C6301 /* Images.xcassets */,
				F4CACA201B1EBE16003C6301 /* LaunchScreen.xib */,
				F4CACA151B1EBE16003C6301 /* Supporting Files */,
				F4CACA951B20083A003C6301 /* Horoscopes-Bridging-Header.h */,
			);
			path = Horoscopes;
			sourceTree = "<group>";
		};
		F4CACA151B1EBE16003C6301 /* Supporting Files */ = {
			isa = PBXGroup;
			children = (
				F4F877971B20447600C828C2 /* Horoscope-Prefix.pch */,
				F4CACA161B1EBE16003C6301 /* Info.plist */,
			);
			name = "Supporting Files";
			sourceTree = "<group>";
		};
		F4CACA2A1B1EBE16003C6301 /* HoroscopesTests */ = {
			isa = PBXGroup;
			children = (
				F4CACA2D1B1EBE16003C6301 /* HoroscopesTests.swift */,
				F4CACA2B1B1EBE16003C6301 /* Supporting Files */,
			);
			path = HoroscopesTests;
			sourceTree = "<group>";
		};
		F4CACA2B1B1EBE16003C6301 /* Supporting Files */ = {
			isa = PBXGroup;
			children = (
				F4CACA2C1B1EBE16003C6301 /* Info.plist */,
			);
			name = "Supporting Files";
			sourceTree = "<group>";
		};
		F4CACA391B1EEE72003C6301 /* Resources */ = {
			isa = PBXGroup;
			children = (
				F4CACA3A1B1EEE72003C6301 /* selected_tabbar_daily.png */,
				F4CACA3B1B1EEE72003C6301 /* selected_tabbar_daily@2x.png */,
				F4CACA3C1B1EEE72003C6301 /* selected_tabbar_daily@3x.png */,
				F4CACA3D1B1EEE72003C6301 /* selected_tabbar_newsfeed.png */,
				F4CACA3E1B1EEE72003C6301 /* selected_tabbar_newsfeed@2x.png */,
				F4CACA3F1B1EEE72003C6301 /* selected_tabbar_newsfeed@3x.png */,
				F4CACA401B1EEE72003C6301 /* selected_tabbar_notification.png */,
				F4CACA411B1EEE72003C6301 /* selected_tabbar_notification@2x.png */,
				F4CACA421B1EEE72003C6301 /* selected_tabbar_notification@3x.png */,
				F4CACA431B1EEE72003C6301 /* selected_tabbar_post.png */,
				F4CACA441B1EEE72003C6301 /* selected_tabbar_post@2x.png */,
				F4CACA451B1EEE72003C6301 /* selected_tabbar_post@3x.png */,
				F4CACA461B1EEE72003C6301 /* selected_tabbar_profile.png */,
				F4CACA471B1EEE72003C6301 /* selected_tabbar_profile@2x.png */,
				F4CACA481B1EEE72003C6301 /* selected_tabbar_profile@3x.png */,
				F4CACA491B1EEE72003C6301 /* tabbar_daily.png */,
				F4CACA4A1B1EEE72003C6301 /* tabbar_daily@2x.png */,
				F4CACA4B1B1EEE72003C6301 /* tabbar_daily@3x.png */,
				F4CACA4C1B1EEE72003C6301 /* tabbar_newsfeed.png */,
				F4CACA4D1B1EEE72003C6301 /* tabbar_newsfeed@2x.png */,
				F4CACA4E1B1EEE72003C6301 /* tabbar_newsfeed@3x.png */,
				F4CACA4F1B1EEE72003C6301 /* tabbar_notification.png */,
				F4CACA501B1EEE72003C6301 /* tabbar_notification@2x.png */,
				F4CACA511B1EEE72003C6301 /* tabbar_notification@3x.png */,
				F4CACA521B1EEE72003C6301 /* tabbar_post.png */,
				F4CACA531B1EEE72003C6301 /* tabbar_post@2x.png */,
				F4CACA541B1EEE72003C6301 /* tabbar_post@3x.png */,
				F4CACA551B1EEE72003C6301 /* tabbar_profile.png */,
				F4CACA561B1EEE72003C6301 /* tabbar_profile@2x.png */,
				F4CACA571B1EEE72003C6301 /* tabbar_profile@3x.png */,
			);
			path = Resources;
			sourceTree = "<group>";
		};
		F4CACA7A1B200149003C6301 /* RotateControl */ = {
			isa = PBXGroup;
			children = (
				F4CACA7B1B200149003C6301 /* RotateControl.h */,
				F4CACA7C1B200149003C6301 /* RotateControl.m */,
				F4CACA7D1B200149003C6301 /* SMCLove.h */,
				F4CACA7E1B200149003C6301 /* SMCLove.m */,
				F4CACA7F1B200149003C6301 /* SMRotaryProtocol.h */,
			);
			path = RotateControl;
			sourceTree = "<group>";
		};
		F4CACA821B2003E1003C6301 /* models */ = {
			isa = PBXGroup;
			children = (
				F4CACA831B2003E1003C6301 /* CollectedHoroscope.h */,
				F4CACA841B2003E1003C6301 /* CollectedHoroscope.m */,
				F4CACA851B2003E1003C6301 /* CollectedItem.h */,
				F4CACA861B2003E1003C6301 /* CollectedItem.m */,
				F4CACA871B2003E1003C6301 /* Horoscope.h */,
				F4CACA881B2003E1003C6301 /* Horoscope.m */,
				F4CACA8B1B2003E1003C6301 /* MessageInfo.h */,
				F4CACA8C1B2003E1003C6301 /* MessageInfo.m */,
				F4CACA8D1B2003E1003C6301 /* UserSettings.h */,
				F4CACA8E1B2003E1003C6301 /* UserSettings.m */,
				F49FAE461B42899700F38E0C /* UserPost.swift */,
				F49FAE4A1B42E41000F38E0C /* UserProfile.swift */,
			);
			path = models;
			sourceTree = "<group>";
		};
		F4CACA961B2010F2003C6301 /* MobilePlatformiOS */ = {
			isa = PBXGroup;
			children = (
				F47BAB261B204969002031AB /* ServerConfig.h */,
				F4CACA971B2010F2003C6301 /* Library */,
				F4CACABA1B2010F2003C6301 /* MobilePlatform.h */,
				F4CACABB1B2010F2003C6301 /* MobilePlatform.m */,
				F4CACABC1B2010F2003C6301 /* Models */,
				F4CACAC51B2010F2003C6301 /* OpenSources */,
			);
			path = MobilePlatformiOS;
			sourceTree = "<group>";
		};
		F4CACA971B2010F2003C6301 /* Library */ = {
			isa = PBXGroup;
			children = (
				F4CACA981B2010F2003C6301 /* CrossSellMessage */,
				F4CACAA81B2010F2003C6301 /* EventTracker */,
				F4CACAAB1B2010F2003C6301 /* ExternalRequest */,
				F4CACAAE1B2010F2003C6301 /* PlatformNotification */,
				F4CACAB31B2010F2003C6301 /* ServerCommunication */,
				F4CACAB71B2010F2003C6301 /* UserModule */,
			);
			path = Library;
			sourceTree = "<group>";
		};
		F4CACA981B2010F2003C6301 /* CrossSellMessage */ = {
			isa = PBXGroup;
			children = (
				F4CACA991B2010F2003C6301 /* CrossSellButtonInfo.h */,
				F4CACA9A1B2010F2003C6301 /* CrossSellButtonInfo.m */,
				F4CACA9B1B2010F2003C6301 /* CrossSellConfig.h */,
				F4CACA9C1B2010F2003C6301 /* CrossSellMainView.h */,
				F4CACA9D1B2010F2003C6301 /* CrossSellMainView.m */,
				F4CACA9E1B2010F2003C6301 /* CrossSellManager.h */,
				F4CACA9F1B2010F2003C6301 /* CrossSellManager.m */,
				F4CACAA01B2010F2003C6301 /* CrossSellMessage.h */,
				F4CACAA11B2010F2003C6301 /* CrossSellMessage.m */,
				F4CACAA21B2010F2003C6301 /* CrossSellMessageDialog.h */,
				F4CACAA31B2010F2003C6301 /* CrossSellMessageDialog.m */,
				F4CACAA41B2010F2003C6301 /* CrossSellServerMessenging.h */,
				F4CACAA51B2010F2003C6301 /* CrossSellServerMessenging.m */,
				F4CACAA61B2010F2003C6301 /* Images */,
				F4CACAA71B2010F2003C6301 /* PrefixHeader.pch */,
			);
			path = CrossSellMessage;
			sourceTree = "<group>";
		};
		F4CACAA61B2010F2003C6301 /* Images */ = {
			isa = PBXGroup;
			children = (
			);
			path = Images;
			sourceTree = "<group>";
		};
		F4CACAA81B2010F2003C6301 /* EventTracker */ = {
			isa = PBXGroup;
			children = (
				F4CACAA91B2010F2003C6301 /* EventsTracker.h */,
				F4CACAAA1B2010F2003C6301 /* EventsTracker.m */,
			);
			path = EventTracker;
			sourceTree = "<group>";
		};
		F4CACAAB1B2010F2003C6301 /* ExternalRequest */ = {
			isa = PBXGroup;
			children = (
				F4CACAAC1B2010F2003C6301 /* ExternalRequest.h */,
				F4CACAAD1B2010F2003C6301 /* ExternalRequest.m */,
			);
			path = ExternalRequest;
			sourceTree = "<group>";
		};
		F4CACAAE1B2010F2003C6301 /* PlatformNotification */ = {
			isa = PBXGroup;
			children = (
				F4CACAAF1B2010F2003C6301 /* NotificationObject.h */,
				F4CACAB01B2010F2003C6301 /* NotificationObject.m */,
				F4CACAB11B2010F2003C6301 /* PlatformNotification.h */,
				F4CACAB21B2010F2003C6301 /* PlatformNotification.m */,
			);
			path = PlatformNotification;
			sourceTree = "<group>";
		};
		F4CACAB31B2010F2003C6301 /* ServerCommunication */ = {
			isa = PBXGroup;
			children = (
				F4CACAB41B2010F2003C6301 /* ServerCommunication.h */,
				F4CACAB51B2010F2003C6301 /* ServerCommunication.m */,
				F4CACAB61B2010F2003C6301 /* ServerCommunicationConfig.h */,
			);
			path = ServerCommunication;
			sourceTree = "<group>";
		};
		F4CACAB71B2010F2003C6301 /* UserModule */ = {
			isa = PBXGroup;
			children = (
				F4CACAB81B2010F2003C6301 /* UserModule.h */,
				F4CACAB91B2010F2003C6301 /* UserModule.m */,
			);
			path = UserModule;
			sourceTree = "<group>";
		};
		F4CACABC1B2010F2003C6301 /* Models */ = {
			isa = PBXGroup;
			children = (
				F4CACABD1B2010F2003C6301 /* Alert.h */,
				F4CACABE1B2010F2003C6301 /* Alert.m */,
				F4CACABF1B2010F2003C6301 /* Request.h */,
				F4CACAC01B2010F2003C6301 /* Request.m */,
				F4CACAC11B2010F2003C6301 /* Router.h */,
				F4CACAC21B2010F2003C6301 /* Router.m */,
				F4CACAC31B2010F2003C6301 /* UserCreds.h */,
				F4CACAC41B2010F2003C6301 /* UserCreds.m */,
			);
			path = Models;
			sourceTree = "<group>";
		};
		F4CACAC51B2010F2003C6301 /* OpenSources */ = {
			isa = PBXGroup;
			children = (
				F4CACAC61B2010F2003C6301 /* Objective-C-RegEx-Categories */,
				F4CACAC91B2010F2003C6301 /* OpenUDID-master */,
			);
			path = OpenSources;
			sourceTree = "<group>";
		};
		F4CACAC61B2010F2003C6301 /* Objective-C-RegEx-Categories */ = {
			isa = PBXGroup;
			children = (
				F4CACAC71B2010F2003C6301 /* RegExCategories.h */,
				F4CACAC81B2010F2003C6301 /* RegExCategories.m */,
			);
			path = "Objective-C-RegEx-Categories";
			sourceTree = "<group>";
		};
		F4CACAC91B2010F2003C6301 /* OpenUDID-master */ = {
			isa = PBXGroup;
			children = (
				F4CACACA1B2010F2003C6301 /* OpenUDID.h */,
				F4CACACB1B2010F2003C6301 /* OpenUDID.m */,
			);
			path = "OpenUDID-master";
			sourceTree = "<group>";
		};
/* End PBXGroup section */

/* Begin PBXNativeTarget section */
		F4CACA111B1EBE16003C6301 /* Horoscopes */ = {
			isa = PBXNativeTarget;
			buildConfigurationList = F4CACA311B1EBE16003C6301 /* Build configuration list for PBXNativeTarget "Horoscopes" */;
			buildPhases = (
				E4D19316B1A9333F33C03617 /* Check Pods Manifest.lock */,
				F4CACA0E1B1EBE16003C6301 /* Sources */,
				F4CACA0F1B1EBE16003C6301 /* Frameworks */,
				F4CACA101B1EBE16003C6301 /* Resources */,
				4A12D8C476D7497CBBD704A1 /* Copy Pods Resources */,
			);
			buildRules = (
			);
			dependencies = (
			);
			name = Horoscopes;
			productName = Horoscopes;
			productReference = F4CACA121B1EBE16003C6301 /* Horoscopes.app */;
			productType = "com.apple.product-type.application";
		};
		F4CACA261B1EBE16003C6301 /* HoroscopesTests */ = {
			isa = PBXNativeTarget;
			buildConfigurationList = F4CACA341B1EBE16003C6301 /* Build configuration list for PBXNativeTarget "HoroscopesTests" */;
			buildPhases = (
				F4CACA231B1EBE16003C6301 /* Sources */,
				F4CACA241B1EBE16003C6301 /* Frameworks */,
				F4CACA251B1EBE16003C6301 /* Resources */,
			);
			buildRules = (
			);
			dependencies = (
				F4CACA291B1EBE16003C6301 /* PBXTargetDependency */,
			);
			name = HoroscopesTests;
			productName = HoroscopesTests;
			productReference = F4CACA271B1EBE16003C6301 /* HoroscopesTests.xctest */;
			productType = "com.apple.product-type.bundle.unit-test";
		};
/* End PBXNativeTarget section */

/* Begin PBXProject section */
		F4CACA0A1B1EBE16003C6301 /* Project object */ = {
			isa = PBXProject;
			attributes = {
				LastUpgradeCheck = 0630;
				ORGANIZATIONNAME = "Binh Dang";
				TargetAttributes = {
					F4CACA111B1EBE16003C6301 = {
						CreatedOnToolsVersion = 6.3.2;
					};
					F4CACA261B1EBE16003C6301 = {
						CreatedOnToolsVersion = 6.3.2;
						TestTargetID = F4CACA111B1EBE16003C6301;
					};
				};
			};
			buildConfigurationList = F4CACA0D1B1EBE16003C6301 /* Build configuration list for PBXProject "Horoscopes" */;
			compatibilityVersion = "Xcode 3.2";
			developmentRegion = English;
			hasScannedForEncodings = 0;
			knownRegions = (
				en,
				Base,
			);
			mainGroup = F4CACA091B1EBE16003C6301;
			productRefGroup = F4CACA131B1EBE16003C6301 /* Products */;
			projectDirPath = "";
			projectRoot = "";
			targets = (
				F4CACA111B1EBE16003C6301 /* Horoscopes */,
				F4CACA261B1EBE16003C6301 /* HoroscopesTests */,
			);
		};
/* End PBXProject section */

/* Begin PBXResourcesBuildPhase section */
		F4CACA101B1EBE16003C6301 /* Resources */ = {
			isa = PBXResourcesBuildPhase;
			buildActionMask = 2147483647;
			files = (
				F4CACA5C1B1EEE72003C6301 /* selected_tabbar_newsfeed@2x.png in Resources */,
				F4CACA6E1B1EEE72003C6301 /* tabbar_notification@2x.png in Resources */,
				F4CACA1D1B1EBE16003C6301 /* Main.storyboard in Resources */,
				F4CACA721B1EEE72003C6301 /* tabbar_post@3x.png in Resources */,
				F4CACA641B1EEE72003C6301 /* selected_tabbar_profile.png in Resources */,
				F4CACA711B1EEE72003C6301 /* tabbar_post@2x.png in Resources */,
				F42E28B21B37D14100466CAA /* share_viber@2x.png in Resources */,
				F4CACA221B1EBE16003C6301 /* LaunchScreen.xib in Resources */,
				F4CACA751B1EEE72003C6301 /* tabbar_profile@3x.png in Resources */,
				F4CACA631B1EEE72003C6301 /* selected_tabbar_post@3x.png in Resources */,
				F4CACA5A1B1EEE72003C6301 /* selected_tabbar_daily@3x.png in Resources */,
				F4CACA6F1B1EEE72003C6301 /* tabbar_notification@3x.png in Resources */,
				F42E28AC1B37D14100466CAA /* share_mail@2x.png in Resources */,
				F4CACA681B1EEE72003C6301 /* tabbar_daily@2x.png in Resources */,
				F4CACA661B1EEE72003C6301 /* selected_tabbar_profile@3x.png in Resources */,
				F42E28B31B37D14100466CAA /* share_whatsapp.png in Resources */,
				F42E28AE1B37D14100466CAA /* share_message@2x.png in Resources */,
				F4CACA6C1B1EEE72003C6301 /* tabbar_newsfeed@3x.png in Resources */,
				F4CACA5F1B1EEE72003C6301 /* selected_tabbar_notification@2x.png in Resources */,
				F4CACA741B1EEE72003C6301 /* tabbar_profile@2x.png in Resources */,
				F4CACA691B1EEE72003C6301 /* tabbar_daily@3x.png in Resources */,
				F4CACA5E1B1EEE72003C6301 /* selected_tabbar_notification.png in Resources */,
				F4CACA5D1B1EEE72003C6301 /* selected_tabbar_newsfeed@3x.png in Resources */,
				F42E28AD1B37D14100466CAA /* share_message.png in Resources */,
				F4CACA601B1EEE72003C6301 /* selected_tabbar_notification@3x.png in Resources */,
				F42E28A91B37D14100466CAA /* share_fbmessage.png in Resources */,
				F4CACA731B1EEE72003C6301 /* tabbar_profile.png in Resources */,
				F4CACA6D1B1EEE72003C6301 /* tabbar_notification.png in Resources */,
				F4CACA651B1EEE72003C6301 /* selected_tabbar_profile@2x.png in Resources */,
				F42E28B01B37D14100466CAA /* share_twitter@2x.png in Resources */,
				F4CACA581B1EEE72003C6301 /* selected_tabbar_daily.png in Resources */,
				F42E28A71B37D14100466CAA /* share_facebook.png in Resources */,
				F42E28A81B37D14100466CAA /* share_facebook@2x.png in Resources */,
				F42E28B11B37D14100466CAA /* share_viber.png in Resources */,
				F4CACA621B1EEE72003C6301 /* selected_tabbar_post@2x.png in Resources */,
				F4CACA5B1B1EEE72003C6301 /* selected_tabbar_newsfeed.png in Resources */,
				F42E28AB1B37D14100466CAA /* share_mail.png in Resources */,
				F4CACA591B1EEE72003C6301 /* selected_tabbar_daily@2x.png in Resources */,
				F42E28B41B37D14100466CAA /* share_whatsapp@2x.png in Resources */,
				F4CACA671B1EEE72003C6301 /* tabbar_daily.png in Resources */,
				F4CACA701B1EEE72003C6301 /* tabbar_post.png in Resources */,
				F4CACA611B1EEE72003C6301 /* selected_tabbar_post.png in Resources */,
				F4CACA6A1B1EEE72003C6301 /* tabbar_newsfeed.png in Resources */,
				F4CACA1F1B1EBE16003C6301 /* Images.xcassets in Resources */,
				F42E28AF1B37D14100466CAA /* share_twitter.png in Resources */,
				F42E28AA1B37D14100466CAA /* share_fbmessage@2x.png in Resources */,
				F4CACA6B1B1EEE72003C6301 /* tabbar_newsfeed@2x.png in Resources */,
			);
			runOnlyForDeploymentPostprocessing = 0;
		};
		F4CACA251B1EBE16003C6301 /* Resources */ = {
			isa = PBXResourcesBuildPhase;
			buildActionMask = 2147483647;
			files = (
			);
			runOnlyForDeploymentPostprocessing = 0;
		};
/* End PBXResourcesBuildPhase section */

/* Begin PBXShellScriptBuildPhase section */
		4A12D8C476D7497CBBD704A1 /* Copy Pods Resources */ = {
			isa = PBXShellScriptBuildPhase;
			buildActionMask = 2147483647;
			files = (
			);
			inputPaths = (
			);
			name = "Copy Pods Resources";
			outputPaths = (
			);
			runOnlyForDeploymentPostprocessing = 0;
			shellPath = /bin/sh;
			shellScript = "\"${SRCROOT}/Pods/Target Support Files/Pods-Horoscopes/Pods-Horoscopes-resources.sh\"\n";
			showEnvVarsInLog = 0;
		};
		E4D19316B1A9333F33C03617 /* Check Pods Manifest.lock */ = {
			isa = PBXShellScriptBuildPhase;
			buildActionMask = 2147483647;
			files = (
			);
			inputPaths = (
			);
			name = "Check Pods Manifest.lock";
			outputPaths = (
			);
			runOnlyForDeploymentPostprocessing = 0;
			shellPath = /bin/sh;
			shellScript = "diff \"${PODS_ROOT}/../Podfile.lock\" \"${PODS_ROOT}/Manifest.lock\" > /dev/null\nif [[ $? != 0 ]] ; then\n    cat << EOM\nerror: The sandbox is not in sync with the Podfile.lock. Run 'pod install' or update your CocoaPods installation.\nEOM\n    exit 1\nfi\n";
			showEnvVarsInLog = 0;
		};
/* End PBXShellScriptBuildPhase section */

/* Begin PBXSourcesBuildPhase section */
		F4CACA0E1B1EBE16003C6301 /* Sources */ = {
			isa = PBXSourcesBuildPhase;
			buildActionMask = 2147483647;
			files = (
				F4CACADB1B2010F2003C6301 /* MobilePlatform.m in Sources */,
				F4CACA911B2003E1003C6301 /* Horoscope.m in Sources */,
				F4106B7B1B43913F00D58D92 /* NewsfeedCellNode.swift in Sources */,
				F49FAE4B1B42E41000F38E0C /* UserProfile.swift in Sources */,
				F49EB5651B41C21E00F56092 /* CookieViewController.swift in Sources */,
				F47BAB2B1B21605C002031AB /* Config.swift in Sources */,
				F47C02A11B2691A700C0BA83 /* CustomTabBarController.swift in Sources */,
				F4CACADA1B2010F2003C6301 /* UserModule.m in Sources */,
				F4CACA811B200149003C6301 /* SMCLove.m in Sources */,
				F400BA761B3E5A2800C05CFA /* CollectHoroscopesFirstCell.swift in Sources */,
				F41E80C71B340D8B00C2DA95 /* DailyHoroscopeHeaderCell.swift in Sources */,
				F49FAE431B424A7700F38E0C /* NewsfeedViewController.swift in Sources */,
				F4CACAD31B2010F2003C6301 /* CrossSellMessageDialog.m in Sources */,
				F4CACAD91B2010F2003C6301 /* ServerCommunication.m in Sources */,
				F49EB5661B41C21E00F56092 /* DailyTableViewController.swift in Sources */,
				F4CACADC1B2010F2003C6301 /* Alert.m in Sources */,
				F4CACAD51B2010F2003C6301 /* EventsTracker.m in Sources */,
				F400BA781B3E5A5C00C05CFA /* CollectHoroscopeCell.swift in Sources */,
				F4CACAD61B2010F2003C6301 /* ExternalRequest.m in Sources */,
				F47C02A41B2691D200C0BA83 /* LoginVC.swift in Sources */,
				F4CACAE11B2010F2003C6301 /* OpenUDID.m in Sources */,
				F4CACA901B2003E1003C6301 /* CollectedItem.m in Sources */,
				F4CACAD21B2010F2003C6301 /* CrossSellMessage.m in Sources */,
				F4CACA941B2003E1003C6301 /* UserSettings.m in Sources */,
				F4CACAD71B2010F2003C6301 /* NotificationObject.m in Sources */,
				F4CACA8F1B2003E1003C6301 /* CollectedHoroscope.m in Sources */,
				F4CACAE01B2010F2003C6301 /* RegExCategories.m in Sources */,
				F4CACAD11B2010F2003C6301 /* CrossSellManager.m in Sources */,
				F4EE72251B3D3B0100AFD120 /* DailyHoroscopeCell.swift in Sources */,
				F49FAE471B42899700F38E0C /* UserPost.swift in Sources */,
				F4CACADE1B2010F2003C6301 /* Router.m in Sources */,
				F47C02A21B2691A700C0BA83 /* SpinWheelVC.swift in Sources */,
				F4DCC7881B3BA6D500B39280 /* ChooseSignVC.swift in Sources */,
				F4326A061B3A553E00334B56 /* ShareController.swift in Sources */,
				F4CACAD01B2010F2003C6301 /* CrossSellMainView.m in Sources */,
				F4CACACF1B2010F2003C6301 /* CrossSellButtonInfo.m in Sources */,
				F4CACA181B1EBE16003C6301 /* AppDelegate.swift in Sources */,
				F47C029D1B258B9B00C0BA83 /* Utilities.swift in Sources */,
				F49FAE491B4290E500F38E0C /* SocialManager.swift in Sources */,
				F4CACA801B200149003C6301 /* RotateControl.m in Sources */,
				F49EB5631B41C21E00F56092 /* CollectHoroscopeDetailVC.swift in Sources */,
				F4FBE56C1B4BE70300F6E79A /* NewsfeedTableViewNode.swift in Sources */,
				F4CACADD1B2010F2003C6301 /* Request.m in Sources */,
				F42E28901B37C8ED00466CAA /* ShareViewController.swift in Sources */,
				F49EB5641B41C21E00F56092 /* CollectHoroscopesTableVC.swift in Sources */,
				F4CACAD81B2010F2003C6301 /* PlatformNotification.m in Sources */,
				F4CACA931B2003E1003C6301 /* MessageInfo.m in Sources */,
				F47BAB281B205617002031AB /* HoroscopesManager.swift in Sources */,
				F4CACADF1B2010F2003C6301 /* UserCreds.m in Sources */,
				F4CACAD41B2010F2003C6301 /* CrossSellServerMessenging.m in Sources */,
				F42E28921B37CA8F00466CAA /* ShareButton.swift in Sources */,
			);
			runOnlyForDeploymentPostprocessing = 0;
		};
		F4CACA231B1EBE16003C6301 /* Sources */ = {
			isa = PBXSourcesBuildPhase;
			buildActionMask = 2147483647;
			files = (
				F4CACA2E1B1EBE16003C6301 /* HoroscopesTests.swift in Sources */,
			);
			runOnlyForDeploymentPostprocessing = 0;
		};
/* End PBXSourcesBuildPhase section */

/* Begin PBXTargetDependency section */
		F4CACA291B1EBE16003C6301 /* PBXTargetDependency */ = {
			isa = PBXTargetDependency;
			target = F4CACA111B1EBE16003C6301 /* Horoscopes */;
			targetProxy = F4CACA281B1EBE16003C6301 /* PBXContainerItemProxy */;
		};
/* End PBXTargetDependency section */

/* Begin PBXVariantGroup section */
		F4CACA1B1B1EBE16003C6301 /* Main.storyboard */ = {
			isa = PBXVariantGroup;
			children = (
				F4CACA1C1B1EBE16003C6301 /* Base */,
			);
			name = Main.storyboard;
			sourceTree = "<group>";
		};
		F4CACA201B1EBE16003C6301 /* LaunchScreen.xib */ = {
			isa = PBXVariantGroup;
			children = (
				F4CACA211B1EBE16003C6301 /* Base */,
			);
			name = LaunchScreen.xib;
			sourceTree = "<group>";
		};
/* End PBXVariantGroup section */

/* Begin XCBuildConfiguration section */
		F4CACA2F1B1EBE16003C6301 /* Debug */ = {
			isa = XCBuildConfiguration;
			buildSettings = {
				ALWAYS_SEARCH_USER_PATHS = NO;
				CLANG_CXX_LANGUAGE_STANDARD = "gnu++0x";
				CLANG_CXX_LIBRARY = "libc++";
				CLANG_ENABLE_MODULES = YES;
				CLANG_ENABLE_OBJC_ARC = YES;
				CLANG_WARN_BOOL_CONVERSION = YES;
				CLANG_WARN_CONSTANT_CONVERSION = YES;
				CLANG_WARN_DIRECT_OBJC_ISA_USAGE = YES_ERROR;
				CLANG_WARN_EMPTY_BODY = YES;
				CLANG_WARN_ENUM_CONVERSION = YES;
				CLANG_WARN_INT_CONVERSION = YES;
				CLANG_WARN_OBJC_ROOT_CLASS = YES_ERROR;
				CLANG_WARN_UNREACHABLE_CODE = YES;
				CLANG_WARN__DUPLICATE_METHOD_MATCH = YES;
				CODE_SIGN_IDENTITY = "iPhone Developer: Yaowei Yeo (P2RHG3Y2MS)";
				"CODE_SIGN_IDENTITY[sdk=iphoneos*]" = "iPhone Developer: Yaowei Yeo (P2RHG3Y2MS)";
				COPY_PHASE_STRIP = NO;
				DEBUG_INFORMATION_FORMAT = "dwarf-with-dsym";
				ENABLE_STRICT_OBJC_MSGSEND = YES;
				GCC_C_LANGUAGE_STANDARD = gnu99;
				GCC_DYNAMIC_NO_PIC = NO;
				GCC_NO_COMMON_BLOCKS = YES;
				GCC_OPTIMIZATION_LEVEL = 0;
				GCC_PREPROCESSOR_DEFINITIONS = (
					"DEBUG=1",
					"$(inherited)",
				);
				GCC_SYMBOLS_PRIVATE_EXTERN = NO;
				GCC_WARN_64_TO_32_BIT_CONVERSION = YES;
				GCC_WARN_ABOUT_RETURN_TYPE = YES_ERROR;
				GCC_WARN_UNDECLARED_SELECTOR = YES;
				GCC_WARN_UNINITIALIZED_AUTOS = YES_AGGRESSIVE;
				GCC_WARN_UNUSED_FUNCTION = YES;
				GCC_WARN_UNUSED_VARIABLE = YES;
				IPHONEOS_DEPLOYMENT_TARGET = 7.0;
				MTL_ENABLE_DEBUG_INFO = YES;
				ONLY_ACTIVE_ARCH = YES;
				PROVISIONING_PROFILE = "9ca45bea-dcd8-4c6f-ac82-d43a4e891cab";
				"PROVISIONING_PROFILE[sdk=iphoneos*]" = "9ca45bea-dcd8-4c6f-ac82-d43a4e891cab";
				SDKROOT = iphoneos;
				SWIFT_OBJC_BRIDGING_HEADER = "";
				SWIFT_OPTIMIZATION_LEVEL = "-Onone";
			};
			name = Debug;
		};
		F4CACA301B1EBE16003C6301 /* Release */ = {
			isa = XCBuildConfiguration;
			buildSettings = {
				ALWAYS_SEARCH_USER_PATHS = NO;
				CLANG_CXX_LANGUAGE_STANDARD = "gnu++0x";
				CLANG_CXX_LIBRARY = "libc++";
				CLANG_ENABLE_MODULES = YES;
				CLANG_ENABLE_OBJC_ARC = YES;
				CLANG_WARN_BOOL_CONVERSION = YES;
				CLANG_WARN_CONSTANT_CONVERSION = YES;
				CLANG_WARN_DIRECT_OBJC_ISA_USAGE = YES_ERROR;
				CLANG_WARN_EMPTY_BODY = YES;
				CLANG_WARN_ENUM_CONVERSION = YES;
				CLANG_WARN_INT_CONVERSION = YES;
				CLANG_WARN_OBJC_ROOT_CLASS = YES_ERROR;
				CLANG_WARN_UNREACHABLE_CODE = YES;
				CLANG_WARN__DUPLICATE_METHOD_MATCH = YES;
				CODE_SIGN_IDENTITY = "iPhone Developer: Yaowei Yeo (P2RHG3Y2MS)";
				"CODE_SIGN_IDENTITY[sdk=iphoneos*]" = "iPhone Developer: Yaowei Yeo (P2RHG3Y2MS)";
				COPY_PHASE_STRIP = NO;
				DEBUG_INFORMATION_FORMAT = "dwarf-with-dsym";
				ENABLE_NS_ASSERTIONS = NO;
				ENABLE_STRICT_OBJC_MSGSEND = YES;
				GCC_C_LANGUAGE_STANDARD = gnu99;
				GCC_NO_COMMON_BLOCKS = YES;
				GCC_WARN_64_TO_32_BIT_CONVERSION = YES;
				GCC_WARN_ABOUT_RETURN_TYPE = YES_ERROR;
				GCC_WARN_UNDECLARED_SELECTOR = YES;
				GCC_WARN_UNINITIALIZED_AUTOS = YES_AGGRESSIVE;
				GCC_WARN_UNUSED_FUNCTION = YES;
				GCC_WARN_UNUSED_VARIABLE = YES;
				IPHONEOS_DEPLOYMENT_TARGET = 7.0;
				MTL_ENABLE_DEBUG_INFO = NO;
				PROVISIONING_PROFILE = "9ca45bea-dcd8-4c6f-ac82-d43a4e891cab";
				"PROVISIONING_PROFILE[sdk=iphoneos*]" = "9ca45bea-dcd8-4c6f-ac82-d43a4e891cab";
				SDKROOT = iphoneos;
				SWIFT_OBJC_BRIDGING_HEADER = "";
				VALIDATE_PRODUCT = YES;
			};
			name = Release;
		};
		F4CACA321B1EBE16003C6301 /* Debug */ = {
			isa = XCBuildConfiguration;
			baseConfigurationReference = 38FE2C9EC2EB65DDAED7FFDE /* Pods-Horoscopes.debug.xcconfig */;
			buildSettings = {
				ASSETCATALOG_COMPILER_APPICON_NAME = AppIcon;
				CODE_SIGN_IDENTITY = "iPhone Developer: Yaowei Yeo (P2RHG3Y2MS)";
				GCC_PREFIX_HEADER = "Horoscopes/Horoscope-Prefix.pch";
				INFOPLIST_FILE = Horoscopes/Info.plist;
				IPHONEOS_DEPLOYMENT_TARGET = 7.0;
				LD_RUNPATH_SEARCH_PATHS = "$(inherited) @executable_path/Frameworks";
				PRODUCT_NAME = "$(TARGET_NAME)";
				PROVISIONING_PROFILE = "9ca45bea-dcd8-4c6f-ac82-d43a4e891cab";
				SWIFT_INSTALL_OBJC_HEADER = YES;
				SWIFT_OBJC_BRIDGING_HEADER = "Horoscopes/Horoscopes-Bridging-Header.h";
			};
			name = Debug;
		};
		F4CACA331B1EBE16003C6301 /* Release */ = {
			isa = XCBuildConfiguration;
			baseConfigurationReference = D974B7A2517DE65A29486B8D /* Pods-Horoscopes.release.xcconfig */;
			buildSettings = {
				ASSETCATALOG_COMPILER_APPICON_NAME = AppIcon;
				CODE_SIGN_IDENTITY = "iPhone Developer: Yaowei Yeo (P2RHG3Y2MS)";
				"CODE_SIGN_IDENTITY[sdk=iphoneos*]" = "iPhone Developer: Yaowei Yeo (P2RHG3Y2MS)";
				GCC_PREFIX_HEADER = "Horoscopes/Horoscope-Prefix.pch";
				INFOPLIST_FILE = Horoscopes/Info.plist;
				IPHONEOS_DEPLOYMENT_TARGET = 7.0;
				LD_RUNPATH_SEARCH_PATHS = "$(inherited) @executable_path/Frameworks";
				PRODUCT_NAME = "$(TARGET_NAME)";
				PROVISIONING_PROFILE = "9ca45bea-dcd8-4c6f-ac82-d43a4e891cab";
				"PROVISIONING_PROFILE[sdk=iphoneos*]" = "9ca45bea-dcd8-4c6f-ac82-d43a4e891cab";
				SWIFT_INSTALL_OBJC_HEADER = YES;
				SWIFT_OBJC_BRIDGING_HEADER = "Horoscopes/Horoscopes-Bridging-Header.h";
			};
			name = Release;
		};
		F4CACA351B1EBE16003C6301 /* Debug */ = {
			isa = XCBuildConfiguration;
			buildSettings = {
				BUNDLE_LOADER = "$(TEST_HOST)";
				CODE_SIGN_IDENTITY = "iPhone Developer";
				FRAMEWORK_SEARCH_PATHS = (
					"$(SDKROOT)/Developer/Library/Frameworks",
					"$(inherited)",
				);
				GCC_PREPROCESSOR_DEFINITIONS = (
					"DEBUG=1",
					"$(inherited)",
				);
				INFOPLIST_FILE = HoroscopesTests/Info.plist;
				LD_RUNPATH_SEARCH_PATHS = "$(inherited) @executable_path/Frameworks @loader_path/Frameworks";
				PRODUCT_NAME = "$(TARGET_NAME)";
				PROVISIONING_PROFILE = "";
				TEST_HOST = "$(BUILT_PRODUCTS_DIR)/Horoscopes.app/Horoscopes";
			};
			name = Debug;
		};
		F4CACA361B1EBE16003C6301 /* Release */ = {
			isa = XCBuildConfiguration;
			buildSettings = {
				BUNDLE_LOADER = "$(TEST_HOST)";
				CODE_SIGN_IDENTITY = "iPhone Developer";
				FRAMEWORK_SEARCH_PATHS = (
					"$(SDKROOT)/Developer/Library/Frameworks",
					"$(inherited)",
				);
				INFOPLIST_FILE = HoroscopesTests/Info.plist;
				LD_RUNPATH_SEARCH_PATHS = "$(inherited) @executable_path/Frameworks @loader_path/Frameworks";
				PRODUCT_NAME = "$(TARGET_NAME)";
				PROVISIONING_PROFILE = "";
				TEST_HOST = "$(BUILT_PRODUCTS_DIR)/Horoscopes.app/Horoscopes";
			};
			name = Release;
		};
/* End XCBuildConfiguration section */

/* Begin XCConfigurationList section */
		F4CACA0D1B1EBE16003C6301 /* Build configuration list for PBXProject "Horoscopes" */ = {
			isa = XCConfigurationList;
			buildConfigurations = (
				F4CACA2F1B1EBE16003C6301 /* Debug */,
				F4CACA301B1EBE16003C6301 /* Release */,
			);
			defaultConfigurationIsVisible = 0;
			defaultConfigurationName = Release;
		};
		F4CACA311B1EBE16003C6301 /* Build configuration list for PBXNativeTarget "Horoscopes" */ = {
			isa = XCConfigurationList;
			buildConfigurations = (
				F4CACA321B1EBE16003C6301 /* Debug */,
				F4CACA331B1EBE16003C6301 /* Release */,
			);
			defaultConfigurationIsVisible = 0;
			defaultConfigurationName = Release;
		};
		F4CACA341B1EBE16003C6301 /* Build configuration list for PBXNativeTarget "HoroscopesTests" */ = {
			isa = XCConfigurationList;
			buildConfigurations = (
				F4CACA351B1EBE16003C6301 /* Debug */,
				F4CACA361B1EBE16003C6301 /* Release */,
			);
			defaultConfigurationIsVisible = 0;
			defaultConfigurationName = Release;
		};
/* End XCConfigurationList section */
	};
	rootObject = F4CACA0A1B1EBE16003C6301 /* Project object */;
}
